// !$*UTF8*$!
{
	archiveVersion = 1;
	classes = {
	};
	objectVersion = 54;
	objects = {

/* Begin PBXBuildFile section */
		00E356F31AD99517003FC87E /* ORVATests.m in Sources */ = {isa = PBXBuildFile; fileRef = 00E356F21AD99517003FC87E /* ORVATests.m */; };
		13B07FBC1A68108700A75B9A /* AppDelegate.mm in Sources */ = {isa = PBXBuildFile; fileRef = 13B07FB01A68108700A75B9A /* AppDelegate.mm */; };
		13B07FBF1A68108700A75B9A /* Images.xcassets in Resources */ = {isa = PBXBuildFile; fileRef = 13B07FB51A68108700A75B9A /* Images.xcassets */; };
		13B07FC11A68108700A75B9A /* main.m in Sources */ = {isa = PBXBuildFile; fileRef = 13B07FB71A68108700A75B9A /* main.m */; };
		193EDCA92C85F93F00375239 /* AppDelegate.mm in Sources */ = {isa = PBXBuildFile; fileRef = 13B07FB01A68108700A75B9A /* AppDelegate.mm */; };
		193EDCAA2C85F93F00375239 /* main.m in Sources */ = {isa = PBXBuildFile; fileRef = 13B07FB71A68108700A75B9A /* main.m */; };
		193EDCAE2C85F93F00375239 /* LaunchScreen.storyboard in Resources */ = {isa = PBXBuildFile; fileRef = 81AB9BB72411601600AC10FF /* LaunchScreen.storyboard */; };
		193EDCAF2C85F93F00375239 /* Images.xcassets in Resources */ = {isa = PBXBuildFile; fileRef = 13B07FB51A68108700A75B9A /* Images.xcassets */; };
		193EDCB02C85F93F00375239 /* PrivacyInfo.xcprivacy in Resources */ = {isa = PBXBuildFile; fileRef = 021465FCF492A3DDD2F226EE /* PrivacyInfo.xcprivacy */; };
		194BA6392CF5BB6E00A59972 /* AppDelegate.mm in Sources */ = {isa = PBXBuildFile; fileRef = 13B07FB01A68108700A75B9A /* AppDelegate.mm */; };
		194BA63A2CF5BB6E00A59972 /* main.m in Sources */ = {isa = PBXBuildFile; fileRef = 13B07FB71A68108700A75B9A /* main.m */; };
		194BA63C2CF5BB6E00A59972 /* libPods-ORVACommonPods-ORVA.a in Frameworks */ = {isa = PBXBuildFile; fileRef = F16977844AD670E9B2D7B2AB /* libPods-ORVACommonPods-ORVA.a */; };
		194BA63E2CF5BB6E00A59972 /* LaunchScreen.storyboard in Resources */ = {isa = PBXBuildFile; fileRef = 81AB9BB72411601600AC10FF /* LaunchScreen.storyboard */; };
		194BA63F2CF5BB6E00A59972 /* Images.xcassets in Resources */ = {isa = PBXBuildFile; fileRef = 13B07FB51A68108700A75B9A /* Images.xcassets */; };
		194BA6402CF5BB6E00A59972 /* PrivacyInfo.xcprivacy in Resources */ = {isa = PBXBuildFile; fileRef = 021465FCF492A3DDD2F226EE /* PrivacyInfo.xcprivacy */; };
		199A6EEB2CF615F3004B0F14 /* AppDelegate.mm in Sources */ = {isa = PBXBuildFile; fileRef = 13B07FB01A68108700A75B9A /* AppDelegate.mm */; };
		199A6EEC2CF615F3004B0F14 /* main.m in Sources */ = {isa = PBXBuildFile; fileRef = 13B07FB71A68108700A75B9A /* main.m */; };
		199A6EEE2CF615F3004B0F14 /* libPods-ORVACommonPods-ORVA.a in Frameworks */ = {isa = PBXBuildFile; fileRef = F16977844AD670E9B2D7B2AB /* libPods-ORVACommonPods-ORVA.a */; };
		199A6EF02CF615F3004B0F14 /* LaunchScreen.storyboard in Resources */ = {isa = PBXBuildFile; fileRef = 81AB9BB72411601600AC10FF /* LaunchScreen.storyboard */; };
		199A6EF12CF615F3004B0F14 /* Images.xcassets in Resources */ = {isa = PBXBuildFile; fileRef = 13B07FB51A68108700A75B9A /* Images.xcassets */; };
		199A6EF22CF615F3004B0F14 /* PrivacyInfo.xcprivacy in Resources */ = {isa = PBXBuildFile; fileRef = 021465FCF492A3DDD2F226EE /* PrivacyInfo.xcprivacy */; };
		199A6EFE2CF61648004B0F14 /* AppDelegate.mm in Sources */ = {isa = PBXBuildFile; fileRef = 13B07FB01A68108700A75B9A /* AppDelegate.mm */; };
		199A6EFF2CF61648004B0F14 /* main.m in Sources */ = {isa = PBXBuildFile; fileRef = 13B07FB71A68108700A75B9A /* main.m */; };
		199A6F012CF61648004B0F14 /* libPods-ORVACommonPods-ORVA.a in Frameworks */ = {isa = PBXBuildFile; fileRef = F16977844AD670E9B2D7B2AB /* libPods-ORVACommonPods-ORVA.a */; };
		199A6F032CF61648004B0F14 /* LaunchScreen.storyboard in Resources */ = {isa = PBXBuildFile; fileRef = 81AB9BB72411601600AC10FF /* LaunchScreen.storyboard */; };
		199A6F042CF61648004B0F14 /* Images.xcassets in Resources */ = {isa = PBXBuildFile; fileRef = 13B07FB51A68108700A75B9A /* Images.xcassets */; };
		199A6F052CF61648004B0F14 /* PrivacyInfo.xcprivacy in Resources */ = {isa = PBXBuildFile; fileRef = 021465FCF492A3DDD2F226EE /* PrivacyInfo.xcprivacy */; };
		19ABF73F2CECC52F00070FBA /* AppDelegate.mm in Sources */ = {isa = PBXBuildFile; fileRef = 13B07FB01A68108700A75B9A /* AppDelegate.mm */; };
		19ABF7402CECC52F00070FBA /* main.m in Sources */ = {isa = PBXBuildFile; fileRef = 13B07FB71A68108700A75B9A /* main.m */; };
		19ABF7422CECC52F00070FBA /* libPods-ORVACommonPods-ORVA.a in Frameworks */ = {isa = PBXBuildFile; fileRef = F16977844AD670E9B2D7B2AB /* libPods-ORVACommonPods-ORVA.a */; };
		19ABF7442CECC52F00070FBA /* LaunchScreen.storyboard in Resources */ = {isa = PBXBuildFile; fileRef = 81AB9BB72411601600AC10FF /* LaunchScreen.storyboard */; };
		19ABF7452CECC52F00070FBA /* Images.xcassets in Resources */ = {isa = PBXBuildFile; fileRef = 13B07FB51A68108700A75B9A /* Images.xcassets */; };
		19ABF7462CECC52F00070FBA /* PrivacyInfo.xcprivacy in Resources */ = {isa = PBXBuildFile; fileRef = 021465FCF492A3DDD2F226EE /* PrivacyInfo.xcprivacy */; };
		81AB9BB82411601600AC10FF /* LaunchScreen.storyboard in Resources */ = {isa = PBXBuildFile; fileRef = 81AB9BB72411601600AC10FF /* LaunchScreen.storyboard */; };
		86B6296F58DCCC46EFA1A3AB /* libPods-ORVACommonPods-ORVATests.a in Frameworks */ = {isa = PBXBuildFile; fileRef = 08FEA3F3F0D3BA8A1F90C23F /* libPods-ORVACommonPods-ORVATests.a */; };
		93CCCC53EB04D4A4BD74965B /* libPods-ORVACommonPods-ORVA.a in Frameworks */ = {isa = PBXBuildFile; fileRef = F16977844AD670E9B2D7B2AB /* libPods-ORVACommonPods-ORVA.a */; };
		CFFF45510DB99F94D24145B6 /* PrivacyInfo.xcprivacy in Resources */ = {isa = PBXBuildFile; fileRef = 021465FCF492A3DDD2F226EE /* PrivacyInfo.xcprivacy */; };
		FFEDE1450D12C3C53F7CB1C8 /* libPods-ORVACommonPods-ORVADevelopment.a in Frameworks */ = {isa = PBXBuildFile; fileRef = 81A4A0A6AF66EC0EAFCD4483 /* libPods-ORVACommonPods-ORVADevelopment.a */; };
/* End PBXBuildFile section */

/* Begin PBXContainerItemProxy section */
		00E356F41AD99517003FC87E /* PBXContainerItemProxy */ = {
			isa = PBXContainerItemProxy;
			containerPortal = 83CBB9F71A601CBA00E9B192 /* Project object */;
			proxyType = 1;
			remoteGlobalIDString = 13B07F861A680F5B00A75B9A;
			remoteInfo = ORVA;
		};
/* End PBXContainerItemProxy section */

/* Begin PBXFileReference section */
		00E356EE1AD99517003FC87E /* ORVATests.xctest */ = {isa = PBXFileReference; explicitFileType = wrapper.cfbundle; includeInIndex = 0; path = ORVATests.xctest; sourceTree = BUILT_PRODUCTS_DIR; };
		00E356F11AD99517003FC87E /* Info.plist */ = {isa = PBXFileReference; lastKnownFileType = text.plist.xml; path = Info.plist; sourceTree = "<group>"; };
		00E356F21AD99517003FC87E /* ORVATests.m */ = {isa = PBXFileReference; lastKnownFileType = sourcecode.c.objc; path = ORVATests.m; sourceTree = "<group>"; };
		021465FCF492A3DDD2F226EE /* PrivacyInfo.xcprivacy */ = {isa = PBXFileReference; includeInIndex = 1; lastKnownFileType = text.xml; name = PrivacyInfo.xcprivacy; path = ORVA/PrivacyInfo.xcprivacy; sourceTree = "<group>"; };
		08FEA3F3F0D3BA8A1F90C23F /* libPods-ORVACommonPods-ORVATests.a */ = {isa = PBXFileReference; explicitFileType = archive.ar; includeInIndex = 0; path = "libPods-ORVACommonPods-ORVATests.a"; sourceTree = BUILT_PRODUCTS_DIR; };
		13B07F961A680F5B00A75B9A /* ORVA.app */ = {isa = PBXFileReference; explicitFileType = wrapper.application; includeInIndex = 0; path = ORVA.app; sourceTree = BUILT_PRODUCTS_DIR; };
		13B07FAF1A68108700A75B9A /* AppDelegate.h */ = {isa = PBXFileReference; fileEncoding = 4; lastKnownFileType = sourcecode.c.h; name = AppDelegate.h; path = ORVA/AppDelegate.h; sourceTree = "<group>"; };
		13B07FB01A68108700A75B9A /* AppDelegate.mm */ = {isa = PBXFileReference; fileEncoding = 4; lastKnownFileType = sourcecode.cpp.objcpp; name = AppDelegate.mm; path = ORVA/AppDelegate.mm; sourceTree = "<group>"; };
		13B07FB51A68108700A75B9A /* Images.xcassets */ = {isa = PBXFileReference; lastKnownFileType = folder.assetcatalog; name = Images.xcassets; path = ORVA/Images.xcassets; sourceTree = "<group>"; };
		13B07FB61A68108700A75B9A /* Info.plist */ = {isa = PBXFileReference; fileEncoding = 4; lastKnownFileType = text.plist.xml; name = Info.plist; path = ORVA/Info.plist; sourceTree = "<group>"; };
		13B07FB71A68108700A75B9A /* main.m */ = {isa = PBXFileReference; fileEncoding = 4; lastKnownFileType = sourcecode.c.objc; name = main.m; path = ORVA/main.m; sourceTree = "<group>"; };
		13B07FB81A68108700A75B9A /* PrivacyInfo.xcprivacy */ = {isa = PBXFileReference; fileEncoding = 4; lastKnownFileType = text.plist.xml; name = PrivacyInfo.xcprivacy; path = ORVA/PrivacyInfo.xcprivacy; sourceTree = "<group>"; };
		143077CA8B791BF4EEC90BC0 /* Pods-ORVACommonPods-ORVAStaging.debug.xcconfig */ = {isa = PBXFileReference; includeInIndex = 1; lastKnownFileType = text.xcconfig; name = "Pods-ORVACommonPods-ORVAStaging.debug.xcconfig"; path = "Target Support Files/Pods-ORVACommonPods-ORVAStaging/Pods-ORVACommonPods-ORVAStaging.debug.xcconfig"; sourceTree = "<group>"; };
		193EDCB72C85F93F00375239 /* ORVADevelopment.app */ = {isa = PBXFileReference; explicitFileType = wrapper.application; includeInIndex = 0; path = ORVADevelopment.app; sourceTree = BUILT_PRODUCTS_DIR; };
		193EDCB82C85F93F00375239 /* ORVADevelopment-Info.plist */ = {isa = PBXFileReference; lastKnownFileType = text.plist.xml; name = "ORVADevelopment-Info.plist"; path = "/Users/adminmobilecoderz/Desktop/ORVA/ios/ORVADevelopment-Info.plist"; sourceTree = "<absolute>"; };
		194BA6472CF5BB6E00A59972 /* ORVAUaeProduction.app */ = {isa = PBXFileReference; explicitFileType = wrapper.application; includeInIndex = 0; path = ORVAUaeProduction.app; sourceTree = BUILT_PRODUCTS_DIR; };
		194BA6482CF5BB6E00A59972 /* ORVAUaeProduction-Info.plist */ = {isa = PBXFileReference; lastKnownFileType = text.plist.xml; name = "ORVAUaeProduction-Info.plist"; path = "/Users/adminmobilecoderz/Desktop/Rain_Agency/orva-mobile-app/ios/ORVAUaeProduction-Info.plist"; sourceTree = "<absolute>"; };
		199A6EF92CF615F3004B0F14 /* ORVAUsStaging.app */ = {isa = PBXFileReference; explicitFileType = wrapper.application; includeInIndex = 0; path = ORVAUsStaging.app; sourceTree = BUILT_PRODUCTS_DIR; };
		199A6EFA2CF615F3004B0F14 /* ORVAUsStaging-Info.plist */ = {isa = PBXFileReference; lastKnownFileType = text.plist.xml; name = "ORVAUsStaging-Info.plist"; path = "/Users/adminmobilecoderz/Desktop/Rain_Agency/orva-mobile-app/ios/ORVAUsStaging-Info.plist"; sourceTree = "<absolute>"; };
		199A6F0C2CF61648004B0F14 /* ORVAUaeStaging.app */ = {isa = PBXFileReference; explicitFileType = wrapper.application; includeInIndex = 0; path = ORVAUaeStaging.app; sourceTree = BUILT_PRODUCTS_DIR; };
		199A6F0D2CF61649004B0F14 /* ORVAUaeStaging-Info.plist */ = {isa = PBXFileReference; lastKnownFileType = text.plist.xml; name = "ORVAUaeStaging-Info.plist"; path = "/Users/adminmobilecoderz/Desktop/Rain_Agency/orva-mobile-app/ios/ORVAUaeStaging-Info.plist"; sourceTree = "<absolute>"; };
		19ABF74D2CECC52F00070FBA /* ORVAUsProduction.app */ = {isa = PBXFileReference; explicitFileType = wrapper.application; includeInIndex = 0; path = ORVAUsProduction.app; sourceTree = BUILT_PRODUCTS_DIR; };
		19ABF74E2CECC52F00070FBA /* ORVAUsProduction-Info.plist */ = {isa = PBXFileReference; lastKnownFileType = text.plist.xml; name = "ORVAUsProduction-Info.plist"; path = "/Users/adminmobilecoderz/Desktop/Rain_Agency/orva-mobile-app/ios/ORVAUsProduction-Info.plist"; sourceTree = "<absolute>"; };
		2A7C59672283F5DD49E8287E /* Pods-ORVACommonPods-ORVADevelopment.release.xcconfig */ = {isa = PBXFileReference; includeInIndex = 1; lastKnownFileType = text.xcconfig; name = "Pods-ORVACommonPods-ORVADevelopment.release.xcconfig"; path = "Target Support Files/Pods-ORVACommonPods-ORVADevelopment/Pods-ORVACommonPods-ORVADevelopment.release.xcconfig"; sourceTree = "<group>"; };
		3B4392A12AC88292D35C810B /* Pods-ORVA.debug.xcconfig */ = {isa = PBXFileReference; includeInIndex = 1; lastKnownFileType = text.xcconfig; name = "Pods-ORVA.debug.xcconfig"; path = "Target Support Files/Pods-ORVA/Pods-ORVA.debug.xcconfig"; sourceTree = "<group>"; };
		5709B34CF0A7D63546082F79 /* Pods-ORVA.release.xcconfig */ = {isa = PBXFileReference; includeInIndex = 1; lastKnownFileType = text.xcconfig; name = "Pods-ORVA.release.xcconfig"; path = "Target Support Files/Pods-ORVA/Pods-ORVA.release.xcconfig"; sourceTree = "<group>"; };
		5B7EB9410499542E8C5724F5 /* Pods-ORVA-ORVATests.debug.xcconfig */ = {isa = PBXFileReference; includeInIndex = 1; lastKnownFileType = text.xcconfig; name = "Pods-ORVA-ORVATests.debug.xcconfig"; path = "Target Support Files/Pods-ORVA-ORVATests/Pods-ORVA-ORVATests.debug.xcconfig"; sourceTree = "<group>"; };
		620E3236680CF2E5379C742A /* Pods-ORVACommonPods-ORVA.debug.xcconfig */ = {isa = PBXFileReference; includeInIndex = 1; lastKnownFileType = text.xcconfig; name = "Pods-ORVACommonPods-ORVA.debug.xcconfig"; path = "Target Support Files/Pods-ORVACommonPods-ORVA/Pods-ORVACommonPods-ORVA.debug.xcconfig"; sourceTree = "<group>"; };
		71848781EB813FACC8EBA5B6 /* libPods-ORVACommonPods-ORVAStaging.a */ = {isa = PBXFileReference; explicitFileType = archive.ar; includeInIndex = 0; path = "libPods-ORVACommonPods-ORVAStaging.a"; sourceTree = BUILT_PRODUCTS_DIR; };
		7306810E2C40CB603B72E3D8 /* Pods-ORVACommonPods-ORVADevelopment.debug.xcconfig */ = {isa = PBXFileReference; includeInIndex = 1; lastKnownFileType = text.xcconfig; name = "Pods-ORVACommonPods-ORVADevelopment.debug.xcconfig"; path = "Target Support Files/Pods-ORVACommonPods-ORVADevelopment/Pods-ORVACommonPods-ORVADevelopment.debug.xcconfig"; sourceTree = "<group>"; };
		81A4A0A6AF66EC0EAFCD4483 /* libPods-ORVACommonPods-ORVADevelopment.a */ = {isa = PBXFileReference; explicitFileType = archive.ar; includeInIndex = 0; path = "libPods-ORVACommonPods-ORVADevelopment.a"; sourceTree = BUILT_PRODUCTS_DIR; };
		81AB9BB72411601600AC10FF /* LaunchScreen.storyboard */ = {isa = PBXFileReference; fileEncoding = 4; lastKnownFileType = file.storyboard; name = LaunchScreen.storyboard; path = ORVA/LaunchScreen.storyboard; sourceTree = "<group>"; };
		825687DEA1CAFB2EFD5B9901 /* Pods-ORVACommonPods-ORVAStaging.release.xcconfig */ = {isa = PBXFileReference; includeInIndex = 1; lastKnownFileType = text.xcconfig; name = "Pods-ORVACommonPods-ORVAStaging.release.xcconfig"; path = "Target Support Files/Pods-ORVACommonPods-ORVAStaging/Pods-ORVACommonPods-ORVAStaging.release.xcconfig"; sourceTree = "<group>"; };
		89C6BE57DB24E9ADA2F236DE /* Pods-ORVA-ORVATests.release.xcconfig */ = {isa = PBXFileReference; includeInIndex = 1; lastKnownFileType = text.xcconfig; name = "Pods-ORVA-ORVATests.release.xcconfig"; path = "Target Support Files/Pods-ORVA-ORVATests/Pods-ORVA-ORVATests.release.xcconfig"; sourceTree = "<group>"; };
		90189F56CAA2EC7E740BD239 /* Pods-ORVACommonPods-ORVATests.debug.xcconfig */ = {isa = PBXFileReference; includeInIndex = 1; lastKnownFileType = text.xcconfig; name = "Pods-ORVACommonPods-ORVATests.debug.xcconfig"; path = "Target Support Files/Pods-ORVACommonPods-ORVATests/Pods-ORVACommonPods-ORVATests.debug.xcconfig"; sourceTree = "<group>"; };
		AC07A66F1AAD9E7DB5C9A86C /* Pods-ORVACommonPods-ORVATests.release.xcconfig */ = {isa = PBXFileReference; includeInIndex = 1; lastKnownFileType = text.xcconfig; name = "Pods-ORVACommonPods-ORVATests.release.xcconfig"; path = "Target Support Files/Pods-ORVACommonPods-ORVATests/Pods-ORVACommonPods-ORVATests.release.xcconfig"; sourceTree = "<group>"; };
		E885C5CCAA5D3475E5388A1B /* Pods-ORVACommonPods-ORVA.release.xcconfig */ = {isa = PBXFileReference; includeInIndex = 1; lastKnownFileType = text.xcconfig; name = "Pods-ORVACommonPods-ORVA.release.xcconfig"; path = "Target Support Files/Pods-ORVACommonPods-ORVA/Pods-ORVACommonPods-ORVA.release.xcconfig"; sourceTree = "<group>"; };
		ED297162215061F000B7C4FE /* JavaScriptCore.framework */ = {isa = PBXFileReference; lastKnownFileType = wrapper.framework; name = JavaScriptCore.framework; path = System/Library/Frameworks/JavaScriptCore.framework; sourceTree = SDKROOT; };
		F16977844AD670E9B2D7B2AB /* libPods-ORVACommonPods-ORVA.a */ = {isa = PBXFileReference; explicitFileType = archive.ar; includeInIndex = 0; path = "libPods-ORVACommonPods-ORVA.a"; sourceTree = BUILT_PRODUCTS_DIR; };
/* End PBXFileReference section */

/* Begin PBXFrameworksBuildPhase section */
		00E356EB1AD99517003FC87E /* Frameworks */ = {
			isa = PBXFrameworksBuildPhase;
			buildActionMask = 2147483647;
			files = (
				86B6296F58DCCC46EFA1A3AB /* libPods-ORVACommonPods-ORVATests.a in Frameworks */,
			);
			runOnlyForDeploymentPostprocessing = 0;
		};
		13B07F8C1A680F5B00A75B9A /* Frameworks */ = {
			isa = PBXFrameworksBuildPhase;
			buildActionMask = 2147483647;
			files = (
				93CCCC53EB04D4A4BD74965B /* libPods-ORVACommonPods-ORVA.a in Frameworks */,
			);
			runOnlyForDeploymentPostprocessing = 0;
		};
		193EDCAB2C85F93F00375239 /* Frameworks */ = {
			isa = PBXFrameworksBuildPhase;
			buildActionMask = 2147483647;
			files = (
				FFEDE1450D12C3C53F7CB1C8 /* libPods-ORVACommonPods-ORVADevelopment.a in Frameworks */,
			);
			runOnlyForDeploymentPostprocessing = 0;
		};
		194BA63B2CF5BB6E00A59972 /* Frameworks */ = {
			isa = PBXFrameworksBuildPhase;
			buildActionMask = 2147483647;
			files = (
				194BA63C2CF5BB6E00A59972 /* libPods-ORVACommonPods-ORVA.a in Frameworks */,
			);
			runOnlyForDeploymentPostprocessing = 0;
		};
		199A6EED2CF615F3004B0F14 /* Frameworks */ = {
			isa = PBXFrameworksBuildPhase;
			buildActionMask = 2147483647;
			files = (
				199A6EEE2CF615F3004B0F14 /* libPods-ORVACommonPods-ORVA.a in Frameworks */,
			);
			runOnlyForDeploymentPostprocessing = 0;
		};
		199A6F002CF61648004B0F14 /* Frameworks */ = {
			isa = PBXFrameworksBuildPhase;
			buildActionMask = 2147483647;
			files = (
				199A6F012CF61648004B0F14 /* libPods-ORVACommonPods-ORVA.a in Frameworks */,
			);
			runOnlyForDeploymentPostprocessing = 0;
		};
		19ABF7412CECC52F00070FBA /* Frameworks */ = {
			isa = PBXFrameworksBuildPhase;
			buildActionMask = 2147483647;
			files = (
				19ABF7422CECC52F00070FBA /* libPods-ORVACommonPods-ORVA.a in Frameworks */,
			);
			runOnlyForDeploymentPostprocessing = 0;
		};
/* End PBXFrameworksBuildPhase section */

/* Begin PBXGroup section */
		00E356EF1AD99517003FC87E /* ORVATests */ = {
			isa = PBXGroup;
			children = (
				00E356F21AD99517003FC87E /* ORVATests.m */,
				00E356F01AD99517003FC87E /* Supporting Files */,
			);
			path = ORVATests;
			sourceTree = "<group>";
		};
		00E356F01AD99517003FC87E /* Supporting Files */ = {
			isa = PBXGroup;
			children = (
				00E356F11AD99517003FC87E /* Info.plist */,
			);
			name = "Supporting Files";
			sourceTree = "<group>";
		};
		13B07FAE1A68108700A75B9A /* ORVA */ = {
			isa = PBXGroup;
			children = (
				13B07FAF1A68108700A75B9A /* AppDelegate.h */,
				13B07FB01A68108700A75B9A /* AppDelegate.mm */,
				13B07FB51A68108700A75B9A /* Images.xcassets */,
				13B07FB61A68108700A75B9A /* Info.plist */,
				81AB9BB72411601600AC10FF /* LaunchScreen.storyboard */,
				13B07FB71A68108700A75B9A /* main.m */,
				13B07FB81A68108700A75B9A /* PrivacyInfo.xcprivacy */,
				021465FCF492A3DDD2F226EE /* PrivacyInfo.xcprivacy */,
			);
			name = ORVA;
			sourceTree = "<group>";
		};
		2D16E6871FA4F8E400B85C8A /* Frameworks */ = {
			isa = PBXGroup;
			children = (
				ED297162215061F000B7C4FE /* JavaScriptCore.framework */,
				F16977844AD670E9B2D7B2AB /* libPods-ORVACommonPods-ORVA.a */,
				81A4A0A6AF66EC0EAFCD4483 /* libPods-ORVACommonPods-ORVADevelopment.a */,
				71848781EB813FACC8EBA5B6 /* libPods-ORVACommonPods-ORVAStaging.a */,
				08FEA3F3F0D3BA8A1F90C23F /* libPods-ORVACommonPods-ORVATests.a */,
			);
			name = Frameworks;
			sourceTree = "<group>";
		};
		832341AE1AAA6A7D00B99B32 /* Libraries */ = {
			isa = PBXGroup;
			children = (
			);
			name = Libraries;
			sourceTree = "<group>";
		};
		83CBB9F61A601CBA00E9B192 = {
			isa = PBXGroup;
			children = (
				13B07FAE1A68108700A75B9A /* ORVA */,
				832341AE1AAA6A7D00B99B32 /* Libraries */,
				00E356EF1AD99517003FC87E /* ORVATests */,
				83CBBA001A601CBA00E9B192 /* Products */,
				2D16E6871FA4F8E400B85C8A /* Frameworks */,
				BBD78D7AC51CEA395F1C20DB /* Pods */,
				193EDCB82C85F93F00375239 /* ORVADevelopment-Info.plist */,
				19ABF74E2CECC52F00070FBA /* ORVAUsProduction-Info.plist */,
				194BA6482CF5BB6E00A59972 /* ORVAUaeProduction-Info.plist */,
				199A6EFA2CF615F3004B0F14 /* ORVAUsStaging-Info.plist */,
				199A6F0D2CF61649004B0F14 /* ORVAUaeStaging-Info.plist */,
			);
			indentWidth = 2;
			sourceTree = "<group>";
			tabWidth = 2;
			usesTabs = 0;
		};
		83CBBA001A601CBA00E9B192 /* Products */ = {
			isa = PBXGroup;
			children = (
				13B07F961A680F5B00A75B9A /* ORVA.app */,
				00E356EE1AD99517003FC87E /* ORVATests.xctest */,
				193EDCB72C85F93F00375239 /* ORVADevelopment.app */,
				19ABF74D2CECC52F00070FBA /* ORVAUsProduction.app */,
				194BA6472CF5BB6E00A59972 /* ORVAUaeProduction.app */,
				199A6EF92CF615F3004B0F14 /* ORVAUsStaging.app */,
				199A6F0C2CF61648004B0F14 /* ORVAUaeStaging.app */,
			);
			name = Products;
			sourceTree = "<group>";
		};
		BBD78D7AC51CEA395F1C20DB /* Pods */ = {
			isa = PBXGroup;
			children = (
				3B4392A12AC88292D35C810B /* Pods-ORVA.debug.xcconfig */,
				5709B34CF0A7D63546082F79 /* Pods-ORVA.release.xcconfig */,
				5B7EB9410499542E8C5724F5 /* Pods-ORVA-ORVATests.debug.xcconfig */,
				89C6BE57DB24E9ADA2F236DE /* Pods-ORVA-ORVATests.release.xcconfig */,
				620E3236680CF2E5379C742A /* Pods-ORVACommonPods-ORVA.debug.xcconfig */,
				E885C5CCAA5D3475E5388A1B /* Pods-ORVACommonPods-ORVA.release.xcconfig */,
				7306810E2C40CB603B72E3D8 /* Pods-ORVACommonPods-ORVADevelopment.debug.xcconfig */,
				2A7C59672283F5DD49E8287E /* Pods-ORVACommonPods-ORVADevelopment.release.xcconfig */,
				143077CA8B791BF4EEC90BC0 /* Pods-ORVACommonPods-ORVAStaging.debug.xcconfig */,
				825687DEA1CAFB2EFD5B9901 /* Pods-ORVACommonPods-ORVAStaging.release.xcconfig */,
				90189F56CAA2EC7E740BD239 /* Pods-ORVACommonPods-ORVATests.debug.xcconfig */,
				AC07A66F1AAD9E7DB5C9A86C /* Pods-ORVACommonPods-ORVATests.release.xcconfig */,
			);
			path = Pods;
			sourceTree = "<group>";
		};
/* End PBXGroup section */

/* Begin PBXNativeTarget section */
		00E356ED1AD99517003FC87E /* ORVATests */ = {
			isa = PBXNativeTarget;
			buildConfigurationList = 00E357021AD99517003FC87E /* Build configuration list for PBXNativeTarget "ORVATests" */;
			buildPhases = (
				A55EABD7B0C7F3A422A6CC61 /* [CP] Check Pods Manifest.lock */,
				00E356EA1AD99517003FC87E /* Sources */,
				00E356EB1AD99517003FC87E /* Frameworks */,
				00E356EC1AD99517003FC87E /* Resources */,
				C59DA0FBD6956966B86A3779 /* [CP] Embed Pods Frameworks */,
				F6A41C54EA430FDDC6A6ED99 /* [CP] Copy Pods Resources */,
			);
			buildRules = (
			);
			dependencies = (
				00E356F51AD99517003FC87E /* PBXTargetDependency */,
			);
			name = ORVATests;
			productName = ORVATests;
			productReference = 00E356EE1AD99517003FC87E /* ORVATests.xctest */;
			productType = "com.apple.product-type.bundle.unit-test";
		};
		13B07F861A680F5B00A75B9A /* ORVA */ = {
			isa = PBXNativeTarget;
			buildConfigurationList = 13B07F931A680F5B00A75B9A /* Build configuration list for PBXNativeTarget "ORVA" */;
			buildPhases = (
				C38B50BA6285516D6DCD4F65 /* [CP] Check Pods Manifest.lock */,
				13B07F871A680F5B00A75B9A /* Sources */,
				13B07F8C1A680F5B00A75B9A /* Frameworks */,
				13B07F8E1A680F5B00A75B9A /* Resources */,
				00DD1BFF1BD5951E006B06BC /* Bundle React Native code and images */,
				00EEFC60759A1932668264C0 /* [CP] Embed Pods Frameworks */,
				E235C05ADACE081382539298 /* [CP] Copy Pods Resources */,
				904CFC2D8C124C5B8EB26044 /* Upload Debug Symbols to Sentry */,
			);
			buildRules = (
			);
			dependencies = (
			);
			name = ORVA;
			productName = ORVA;
			productReference = 13B07F961A680F5B00A75B9A /* ORVA.app */;
			productType = "com.apple.product-type.application";
		};
		193EDCA62C85F93F00375239 /* ORVADevelopment */ = {
			isa = PBXNativeTarget;
			buildConfigurationList = 193EDCB42C85F93F00375239 /* Build configuration list for PBXNativeTarget "ORVADevelopment" */;
			buildPhases = (
				193EDCA72C85F93F00375239 /* [CP] Check Pods Manifest.lock */,
				193EDCA82C85F93F00375239 /* Sources */,
				193EDCAB2C85F93F00375239 /* Frameworks */,
				193EDCAD2C85F93F00375239 /* Resources */,
				193EDCB12C85F93F00375239 /* Bundle React Native code and images */,
				193EDCB22C85F93F00375239 /* [CP] Embed Pods Frameworks */,
				193EDCB32C85F93F00375239 /* [CP] Copy Pods Resources */,
			);
			buildRules = (
			);
			dependencies = (
			);
			name = ORVADevelopment;
			productName = ORVA;
			productReference = 193EDCB72C85F93F00375239 /* ORVADevelopment.app */;
			productType = "com.apple.product-type.application";
		};
		194BA6362CF5BB6E00A59972 /* ORVAUaeProduction */ = {
			isa = PBXNativeTarget;
			buildConfigurationList = 194BA6442CF5BB6E00A59972 /* Build configuration list for PBXNativeTarget "ORVAUaeProduction" */;
			buildPhases = (
				194BA6372CF5BB6E00A59972 /* [CP] Check Pods Manifest.lock */,
				194BA6382CF5BB6E00A59972 /* Sources */,
				194BA63B2CF5BB6E00A59972 /* Frameworks */,
				194BA63D2CF5BB6E00A59972 /* Resources */,
				194BA6412CF5BB6E00A59972 /* Bundle React Native code and images */,
				194BA6422CF5BB6E00A59972 /* [CP] Embed Pods Frameworks */,
				194BA6432CF5BB6E00A59972 /* [CP] Copy Pods Resources */,
			);
			buildRules = (
			);
			dependencies = (
			);
			name = ORVAUaeProduction;
			productName = ORVA;
			productReference = 194BA6472CF5BB6E00A59972 /* ORVAUaeProduction.app */;
			productType = "com.apple.product-type.application";
		};
		199A6EE82CF615F3004B0F14 /* ORVAUsStaging */ = {
			isa = PBXNativeTarget;
			buildConfigurationList = 199A6EF62CF615F3004B0F14 /* Build configuration list for PBXNativeTarget "ORVAUsStaging" */;
			buildPhases = (
				199A6EE92CF615F3004B0F14 /* [CP] Check Pods Manifest.lock */,
				199A6EEA2CF615F3004B0F14 /* Sources */,
				199A6EED2CF615F3004B0F14 /* Frameworks */,
				199A6EEF2CF615F3004B0F14 /* Resources */,
				199A6EF32CF615F3004B0F14 /* Bundle React Native code and images */,
				199A6EF42CF615F3004B0F14 /* [CP] Embed Pods Frameworks */,
				199A6EF52CF615F3004B0F14 /* [CP] Copy Pods Resources */,
			);
			buildRules = (
			);
			dependencies = (
			);
			name = ORVAUsStaging;
			productName = ORVA;
			productReference = 199A6EF92CF615F3004B0F14 /* ORVAUsStaging.app */;
			productType = "com.apple.product-type.application";
		};
		199A6EFB2CF61648004B0F14 /* ORVAUaeStaging */ = {
			isa = PBXNativeTarget;
			buildConfigurationList = 199A6F092CF61648004B0F14 /* Build configuration list for PBXNativeTarget "ORVAUaeStaging" */;
			buildPhases = (
				199A6EFC2CF61648004B0F14 /* [CP] Check Pods Manifest.lock */,
				199A6EFD2CF61648004B0F14 /* Sources */,
				199A6F002CF61648004B0F14 /* Frameworks */,
				199A6F022CF61648004B0F14 /* Resources */,
				199A6F062CF61648004B0F14 /* Bundle React Native code and images */,
				199A6F072CF61648004B0F14 /* [CP] Embed Pods Frameworks */,
				199A6F082CF61648004B0F14 /* [CP] Copy Pods Resources */,
			);
			buildRules = (
			);
			dependencies = (
			);
			name = ORVAUaeStaging;
			productName = ORVA;
			productReference = 199A6F0C2CF61648004B0F14 /* ORVAUaeStaging.app */;
			productType = "com.apple.product-type.application";
		};
		19ABF73C2CECC52F00070FBA /* ORVAUsProduction */ = {
			isa = PBXNativeTarget;
			buildConfigurationList = 19ABF74A2CECC52F00070FBA /* Build configuration list for PBXNativeTarget "ORVAUsProduction" */;
			buildPhases = (
				19ABF73D2CECC52F00070FBA /* [CP] Check Pods Manifest.lock */,
				19ABF73E2CECC52F00070FBA /* Sources */,
				19ABF7412CECC52F00070FBA /* Frameworks */,
				19ABF7432CECC52F00070FBA /* Resources */,
				19ABF7472CECC52F00070FBA /* Bundle React Native code and images */,
				19ABF7482CECC52F00070FBA /* [CP] Embed Pods Frameworks */,
				19ABF7492CECC52F00070FBA /* [CP] Copy Pods Resources */,
			);
			buildRules = (
			);
			dependencies = (
			);
			name = ORVAUsProduction;
			productName = ORVA;
			productReference = 19ABF74D2CECC52F00070FBA /* ORVAUsProduction.app */;
			productType = "com.apple.product-type.application";
		};
/* End PBXNativeTarget section */

/* Begin PBXProject section */
		83CBB9F71A601CBA00E9B192 /* Project object */ = {
			isa = PBXProject;
			attributes = {
				LastUpgradeCheck = 1210;
				TargetAttributes = {
					00E356ED1AD99517003FC87E = {
						CreatedOnToolsVersion = 6.2;
						TestTargetID = 13B07F861A680F5B00A75B9A;
					};
					13B07F861A680F5B00A75B9A = {
						LastSwiftMigration = 1120;
					};
				};
			};
			buildConfigurationList = 83CBB9FA1A601CBA00E9B192 /* Build configuration list for PBXProject "ORVA" */;
			compatibilityVersion = "Xcode 12.0";
			developmentRegion = en;
			hasScannedForEncodings = 0;
			knownRegions = (
				en,
				Base,
			);
			mainGroup = 83CBB9F61A601CBA00E9B192;
			productRefGroup = 83CBBA001A601CBA00E9B192 /* Products */;
			projectDirPath = "";
			projectRoot = "";
			targets = (
				13B07F861A680F5B00A75B9A /* ORVA */,
				00E356ED1AD99517003FC87E /* ORVATests */,
				193EDCA62C85F93F00375239 /* ORVADevelopment */,
				19ABF73C2CECC52F00070FBA /* ORVAUsProduction */,
				194BA6362CF5BB6E00A59972 /* ORVAUaeProduction */,
				199A6EE82CF615F3004B0F14 /* ORVAUsStaging */,
				199A6EFB2CF61648004B0F14 /* ORVAUaeStaging */,
			);
		};
/* End PBXProject section */

/* Begin PBXResourcesBuildPhase section */
		00E356EC1AD99517003FC87E /* Resources */ = {
			isa = PBXResourcesBuildPhase;
			buildActionMask = 2147483647;
			files = (
			);
			runOnlyForDeploymentPostprocessing = 0;
		};
		13B07F8E1A680F5B00A75B9A /* Resources */ = {
			isa = PBXResourcesBuildPhase;
			buildActionMask = 2147483647;
			files = (
				81AB9BB82411601600AC10FF /* LaunchScreen.storyboard in Resources */,
				13B07FBF1A68108700A75B9A /* Images.xcassets in Resources */,
				CFFF45510DB99F94D24145B6 /* PrivacyInfo.xcprivacy in Resources */,
			);
			runOnlyForDeploymentPostprocessing = 0;
		};
		193EDCAD2C85F93F00375239 /* Resources */ = {
			isa = PBXResourcesBuildPhase;
			buildActionMask = 2147483647;
			files = (
				193EDCAE2C85F93F00375239 /* LaunchScreen.storyboard in Resources */,
				193EDCAF2C85F93F00375239 /* Images.xcassets in Resources */,
				193EDCB02C85F93F00375239 /* PrivacyInfo.xcprivacy in Resources */,
			);
			runOnlyForDeploymentPostprocessing = 0;
		};
		194BA63D2CF5BB6E00A59972 /* Resources */ = {
			isa = PBXResourcesBuildPhase;
			buildActionMask = 2147483647;
			files = (
				194BA63E2CF5BB6E00A59972 /* LaunchScreen.storyboard in Resources */,
				194BA63F2CF5BB6E00A59972 /* Images.xcassets in Resources */,
				194BA6402CF5BB6E00A59972 /* PrivacyInfo.xcprivacy in Resources */,
			);
			runOnlyForDeploymentPostprocessing = 0;
		};
		199A6EEF2CF615F3004B0F14 /* Resources */ = {
			isa = PBXResourcesBuildPhase;
			buildActionMask = 2147483647;
			files = (
				199A6EF02CF615F3004B0F14 /* LaunchScreen.storyboard in Resources */,
				199A6EF12CF615F3004B0F14 /* Images.xcassets in Resources */,
				199A6EF22CF615F3004B0F14 /* PrivacyInfo.xcprivacy in Resources */,
			);
			runOnlyForDeploymentPostprocessing = 0;
		};
		199A6F022CF61648004B0F14 /* Resources */ = {
			isa = PBXResourcesBuildPhase;
			buildActionMask = 2147483647;
			files = (
				199A6F032CF61648004B0F14 /* LaunchScreen.storyboard in Resources */,
				199A6F042CF61648004B0F14 /* Images.xcassets in Resources */,
				199A6F052CF61648004B0F14 /* PrivacyInfo.xcprivacy in Resources */,
			);
			runOnlyForDeploymentPostprocessing = 0;
		};
		19ABF7432CECC52F00070FBA /* Resources */ = {
			isa = PBXResourcesBuildPhase;
			buildActionMask = 2147483647;
			files = (
				19ABF7442CECC52F00070FBA /* LaunchScreen.storyboard in Resources */,
				19ABF7452CECC52F00070FBA /* Images.xcassets in Resources */,
				19ABF7462CECC52F00070FBA /* PrivacyInfo.xcprivacy in Resources */,
			);
			runOnlyForDeploymentPostprocessing = 0;
		};
/* End PBXResourcesBuildPhase section */

/* Begin PBXShellScriptBuildPhase section */
		00DD1BFF1BD5951E006B06BC /* Bundle React Native code and images */ = {
			isa = PBXShellScriptBuildPhase;
			buildActionMask = 2147483647;
			files = (
			);
			inputPaths = (
				"$(SRCROOT)/.xcode.env.local",
				"$(SRCROOT)/.xcode.env",
			);
			name = "Bundle React Native code and images";
			outputPaths = (
			);
			runOnlyForDeploymentPostprocessing = 0;
			shellPath = /bin/sh;
			shellScript = "set -e\n\nWITH_ENVIRONMENT=\"$REACT_NATIVE_PATH/scripts/xcode/with-environment.sh\"\nREACT_NATIVE_XCODE=\"$REACT_NATIVE_PATH/scripts/react-native-xcode.sh\"\n\n/bin/sh -c \"$WITH_ENVIRONMENT \\\"/bin/sh ../node_modules/@sentry/react-native/scripts/sentry-xcode.sh $REACT_NATIVE_XCODE\\\"\"\n";
		};
		00EEFC60759A1932668264C0 /* [CP] Embed Pods Frameworks */ = {
			isa = PBXShellScriptBuildPhase;
			buildActionMask = 2147483647;
			files = (
			);
			inputFileListPaths = (
				"${PODS_ROOT}/Target Support Files/Pods-ORVACommonPods-ORVA/Pods-ORVACommonPods-ORVA-frameworks-${CONFIGURATION}-input-files.xcfilelist",
			);
			name = "[CP] Embed Pods Frameworks";
			outputFileListPaths = (
				"${PODS_ROOT}/Target Support Files/Pods-ORVACommonPods-ORVA/Pods-ORVACommonPods-ORVA-frameworks-${CONFIGURATION}-output-files.xcfilelist",
			);
			runOnlyForDeploymentPostprocessing = 0;
			shellPath = /bin/sh;
			shellScript = "\"${PODS_ROOT}/Target Support Files/Pods-ORVACommonPods-ORVA/Pods-ORVACommonPods-ORVA-frameworks.sh\"\n";
			showEnvVarsInLog = 0;
		};
		193EDCA72C85F93F00375239 /* [CP] Check Pods Manifest.lock */ = {
			isa = PBXShellScriptBuildPhase;
			buildActionMask = 2147483647;
			files = (
			);
			inputFileListPaths = (
			);
			inputPaths = (
				"${PODS_PODFILE_DIR_PATH}/Podfile.lock",
				"${PODS_ROOT}/Manifest.lock",
			);
			name = "[CP] Check Pods Manifest.lock";
			outputFileListPaths = (
			);
			outputPaths = (
				"$(DERIVED_FILE_DIR)/Pods-ORVACommonPods-ORVADevelopment-checkManifestLockResult.txt",
			);
			runOnlyForDeploymentPostprocessing = 0;
			shellPath = /bin/sh;
			shellScript = "diff \"${PODS_PODFILE_DIR_PATH}/Podfile.lock\" \"${PODS_ROOT}/Manifest.lock\" > /dev/null\nif [ $? != 0 ] ; then\n    # print error to STDERR\n    echo \"error: The sandbox is not in sync with the Podfile.lock. Run 'pod install' or update your CocoaPods installation.\" >&2\n    exit 1\nfi\n# This output is used by Xcode 'outputs' to avoid re-running this script phase.\necho \"SUCCESS\" > \"${SCRIPT_OUTPUT_FILE_0}\"\n";
			showEnvVarsInLog = 0;
		};
		193EDCB12C85F93F00375239 /* Bundle React Native code and images */ = {
			isa = PBXShellScriptBuildPhase;
			buildActionMask = 2147483647;
			files = (
			);
			inputPaths = (
				"$(SRCROOT)/.xcode.env.local",
				"$(SRCROOT)/.xcode.env",
			);
			name = "Bundle React Native code and images";
			outputPaths = (
			);
			runOnlyForDeploymentPostprocessing = 0;
			shellPath = /bin/sh;
			shellScript = "set -e\n\nWITH_ENVIRONMENT=\"$REACT_NATIVE_PATH/scripts/xcode/with-environment.sh\"\nREACT_NATIVE_XCODE=\"$REACT_NATIVE_PATH/scripts/react-native-xcode.sh\"\n\n/bin/sh -c \"$WITH_ENVIRONMENT $REACT_NATIVE_XCODE\"\n";
		};
		193EDCB22C85F93F00375239 /* [CP] Embed Pods Frameworks */ = {
			isa = PBXShellScriptBuildPhase;
			buildActionMask = 2147483647;
			files = (
			);
			inputFileListPaths = (
				"${PODS_ROOT}/Target Support Files/Pods-ORVACommonPods-ORVADevelopment/Pods-ORVACommonPods-ORVADevelopment-frameworks-${CONFIGURATION}-input-files.xcfilelist",
			);
			name = "[CP] Embed Pods Frameworks";
			outputFileListPaths = (
				"${PODS_ROOT}/Target Support Files/Pods-ORVACommonPods-ORVADevelopment/Pods-ORVACommonPods-ORVADevelopment-frameworks-${CONFIGURATION}-output-files.xcfilelist",
			);
			runOnlyForDeploymentPostprocessing = 0;
			shellPath = /bin/sh;
			shellScript = "\"${PODS_ROOT}/Target Support Files/Pods-ORVACommonPods-ORVADevelopment/Pods-ORVACommonPods-ORVADevelopment-frameworks.sh\"\n";
			showEnvVarsInLog = 0;
		};
		193EDCB32C85F93F00375239 /* [CP] Copy Pods Resources */ = {
			isa = PBXShellScriptBuildPhase;
			buildActionMask = 2147483647;
			files = (
			);
			inputFileListPaths = (
				"${PODS_ROOT}/Target Support Files/Pods-ORVACommonPods-ORVADevelopment/Pods-ORVACommonPods-ORVADevelopment-resources-${CONFIGURATION}-input-files.xcfilelist",
			);
			name = "[CP] Copy Pods Resources";
			outputFileListPaths = (
				"${PODS_ROOT}/Target Support Files/Pods-ORVACommonPods-ORVADevelopment/Pods-ORVACommonPods-ORVADevelopment-resources-${CONFIGURATION}-output-files.xcfilelist",
			);
			runOnlyForDeploymentPostprocessing = 0;
			shellPath = /bin/sh;
			shellScript = "\"${PODS_ROOT}/Target Support Files/Pods-ORVACommonPods-ORVADevelopment/Pods-ORVACommonPods-ORVADevelopment-resources.sh\"\n";
			showEnvVarsInLog = 0;
		};
		194BA6372CF5BB6E00A59972 /* [CP] Check Pods Manifest.lock */ = {
			isa = PBXShellScriptBuildPhase;
			buildActionMask = 2147483647;
			files = (
			);
			inputFileListPaths = (
			);
			inputPaths = (
				"${PODS_PODFILE_DIR_PATH}/Podfile.lock",
				"${PODS_ROOT}/Manifest.lock",
			);
			name = "[CP] Check Pods Manifest.lock";
			outputFileListPaths = (
			);
			outputPaths = (
				"$(DERIVED_FILE_DIR)/Pods-ORVACommonPods-ORVA-checkManifestLockResult.txt",
			);
			runOnlyForDeploymentPostprocessing = 0;
			shellPath = /bin/sh;
			shellScript = "diff \"${PODS_PODFILE_DIR_PATH}/Podfile.lock\" \"${PODS_ROOT}/Manifest.lock\" > /dev/null\nif [ $? != 0 ] ; then\n    # print error to STDERR\n    echo \"error: The sandbox is not in sync with the Podfile.lock. Run 'pod install' or update your CocoaPods installation.\" >&2\n    exit 1\nfi\n# This output is used by Xcode 'outputs' to avoid re-running this script phase.\necho \"SUCCESS\" > \"${SCRIPT_OUTPUT_FILE_0}\"\n";
			showEnvVarsInLog = 0;
		};
		194BA6412CF5BB6E00A59972 /* Bundle React Native code and images */ = {
			isa = PBXShellScriptBuildPhase;
			buildActionMask = 2147483647;
			files = (
			);
			inputPaths = (
				"$(SRCROOT)/.xcode.env.local",
				"$(SRCROOT)/.xcode.env",
			);
			name = "Bundle React Native code and images";
			outputPaths = (
			);
			runOnlyForDeploymentPostprocessing = 0;
			shellPath = /bin/sh;
			shellScript = "set -e\n\nWITH_ENVIRONMENT=\"$REACT_NATIVE_PATH/scripts/xcode/with-environment.sh\"\nREACT_NATIVE_XCODE=\"$REACT_NATIVE_PATH/scripts/react-native-xcode.sh\"\n\n/bin/sh -c \"$WITH_ENVIRONMENT $REACT_NATIVE_XCODE\"\n";
		};
		194BA6422CF5BB6E00A59972 /* [CP] Embed Pods Frameworks */ = {
			isa = PBXShellScriptBuildPhase;
			buildActionMask = 2147483647;
			files = (
			);
			inputFileListPaths = (
				"${PODS_ROOT}/Target Support Files/Pods-ORVACommonPods-ORVA/Pods-ORVACommonPods-ORVA-frameworks-${CONFIGURATION}-input-files.xcfilelist",
			);
			name = "[CP] Embed Pods Frameworks";
			outputFileListPaths = (
				"${PODS_ROOT}/Target Support Files/Pods-ORVACommonPods-ORVA/Pods-ORVACommonPods-ORVA-frameworks-${CONFIGURATION}-output-files.xcfilelist",
			);
			runOnlyForDeploymentPostprocessing = 0;
			shellPath = /bin/sh;
			shellScript = "\"${PODS_ROOT}/Target Support Files/Pods-ORVACommonPods-ORVA/Pods-ORVACommonPods-ORVA-frameworks.sh\"\n";
			showEnvVarsInLog = 0;
		};
		194BA6432CF5BB6E00A59972 /* [CP] Copy Pods Resources */ = {
			isa = PBXShellScriptBuildPhase;
			buildActionMask = 2147483647;
			files = (
			);
			inputFileListPaths = (
				"${PODS_ROOT}/Target Support Files/Pods-ORVACommonPods-ORVA/Pods-ORVACommonPods-ORVA-resources-${CONFIGURATION}-input-files.xcfilelist",
			);
			name = "[CP] Copy Pods Resources";
			outputFileListPaths = (
				"${PODS_ROOT}/Target Support Files/Pods-ORVACommonPods-ORVA/Pods-ORVACommonPods-ORVA-resources-${CONFIGURATION}-output-files.xcfilelist",
			);
			runOnlyForDeploymentPostprocessing = 0;
			shellPath = /bin/sh;
			shellScript = "\"${PODS_ROOT}/Target Support Files/Pods-ORVACommonPods-ORVA/Pods-ORVACommonPods-ORVA-resources.sh\"\n";
			showEnvVarsInLog = 0;
		};
		199A6EE92CF615F3004B0F14 /* [CP] Check Pods Manifest.lock */ = {
			isa = PBXShellScriptBuildPhase;
			buildActionMask = 2147483647;
			files = (
			);
			inputFileListPaths = (
			);
			inputPaths = (
				"${PODS_PODFILE_DIR_PATH}/Podfile.lock",
				"${PODS_ROOT}/Manifest.lock",
			);
			name = "[CP] Check Pods Manifest.lock";
			outputFileListPaths = (
			);
			outputPaths = (
				"$(DERIVED_FILE_DIR)/Pods-ORVACommonPods-ORVA-checkManifestLockResult.txt",
			);
			runOnlyForDeploymentPostprocessing = 0;
			shellPath = /bin/sh;
			shellScript = "diff \"${PODS_PODFILE_DIR_PATH}/Podfile.lock\" \"${PODS_ROOT}/Manifest.lock\" > /dev/null\nif [ $? != 0 ] ; then\n    # print error to STDERR\n    echo \"error: The sandbox is not in sync with the Podfile.lock. Run 'pod install' or update your CocoaPods installation.\" >&2\n    exit 1\nfi\n# This output is used by Xcode 'outputs' to avoid re-running this script phase.\necho \"SUCCESS\" > \"${SCRIPT_OUTPUT_FILE_0}\"\n";
			showEnvVarsInLog = 0;
		};
		199A6EF32CF615F3004B0F14 /* Bundle React Native code and images */ = {
			isa = PBXShellScriptBuildPhase;
			buildActionMask = 2147483647;
			files = (
			);
			inputPaths = (
				"$(SRCROOT)/.xcode.env.local",
				"$(SRCROOT)/.xcode.env",
			);
			name = "Bundle React Native code and images";
			outputPaths = (
			);
			runOnlyForDeploymentPostprocessing = 0;
			shellPath = /bin/sh;
			shellScript = "set -e\n\nWITH_ENVIRONMENT=\"$REACT_NATIVE_PATH/scripts/xcode/with-environment.sh\"\nREACT_NATIVE_XCODE=\"$REACT_NATIVE_PATH/scripts/react-native-xcode.sh\"\n\n/bin/sh -c \"$WITH_ENVIRONMENT $REACT_NATIVE_XCODE\"\n";
		};
		199A6EF42CF615F3004B0F14 /* [CP] Embed Pods Frameworks */ = {
			isa = PBXShellScriptBuildPhase;
			buildActionMask = 2147483647;
			files = (
			);
			inputFileListPaths = (
				"${PODS_ROOT}/Target Support Files/Pods-ORVACommonPods-ORVA/Pods-ORVACommonPods-ORVA-frameworks-${CONFIGURATION}-input-files.xcfilelist",
			);
			name = "[CP] Embed Pods Frameworks";
			outputFileListPaths = (
				"${PODS_ROOT}/Target Support Files/Pods-ORVACommonPods-ORVA/Pods-ORVACommonPods-ORVA-frameworks-${CONFIGURATION}-output-files.xcfilelist",
			);
			runOnlyForDeploymentPostprocessing = 0;
			shellPath = /bin/sh;
			shellScript = "\"${PODS_ROOT}/Target Support Files/Pods-ORVACommonPods-ORVA/Pods-ORVACommonPods-ORVA-frameworks.sh\"\n";
			showEnvVarsInLog = 0;
		};
		199A6EF52CF615F3004B0F14 /* [CP] Copy Pods Resources */ = {
			isa = PBXShellScriptBuildPhase;
			buildActionMask = 2147483647;
			files = (
			);
			inputFileListPaths = (
				"${PODS_ROOT}/Target Support Files/Pods-ORVACommonPods-ORVA/Pods-ORVACommonPods-ORVA-resources-${CONFIGURATION}-input-files.xcfilelist",
			);
			name = "[CP] Copy Pods Resources";
			outputFileListPaths = (
				"${PODS_ROOT}/Target Support Files/Pods-ORVACommonPods-ORVA/Pods-ORVACommonPods-ORVA-resources-${CONFIGURATION}-output-files.xcfilelist",
			);
			runOnlyForDeploymentPostprocessing = 0;
			shellPath = /bin/sh;
			shellScript = "\"${PODS_ROOT}/Target Support Files/Pods-ORVACommonPods-ORVA/Pods-ORVACommonPods-ORVA-resources.sh\"\n";
			showEnvVarsInLog = 0;
		};
		199A6EFC2CF61648004B0F14 /* [CP] Check Pods Manifest.lock */ = {
			isa = PBXShellScriptBuildPhase;
			buildActionMask = 2147483647;
			files = (
			);
			inputFileListPaths = (
			);
			inputPaths = (
				"${PODS_PODFILE_DIR_PATH}/Podfile.lock",
				"${PODS_ROOT}/Manifest.lock",
			);
			name = "[CP] Check Pods Manifest.lock";
			outputFileListPaths = (
			);
			outputPaths = (
				"$(DERIVED_FILE_DIR)/Pods-ORVACommonPods-ORVA-checkManifestLockResult.txt",
			);
			runOnlyForDeploymentPostprocessing = 0;
			shellPath = /bin/sh;
			shellScript = "diff \"${PODS_PODFILE_DIR_PATH}/Podfile.lock\" \"${PODS_ROOT}/Manifest.lock\" > /dev/null\nif [ $? != 0 ] ; then\n    # print error to STDERR\n    echo \"error: The sandbox is not in sync with the Podfile.lock. Run 'pod install' or update your CocoaPods installation.\" >&2\n    exit 1\nfi\n# This output is used by Xcode 'outputs' to avoid re-running this script phase.\necho \"SUCCESS\" > \"${SCRIPT_OUTPUT_FILE_0}\"\n";
			showEnvVarsInLog = 0;
		};
		199A6F062CF61648004B0F14 /* Bundle React Native code and images */ = {
			isa = PBXShellScriptBuildPhase;
			buildActionMask = 2147483647;
			files = (
			);
			inputPaths = (
				"$(SRCROOT)/.xcode.env.local",
				"$(SRCROOT)/.xcode.env",
			);
			name = "Bundle React Native code and images";
			outputPaths = (
			);
			runOnlyForDeploymentPostprocessing = 0;
			shellPath = /bin/sh;
			shellScript = "set -e\n\nWITH_ENVIRONMENT=\"$REACT_NATIVE_PATH/scripts/xcode/with-environment.sh\"\nREACT_NATIVE_XCODE=\"$REACT_NATIVE_PATH/scripts/react-native-xcode.sh\"\n\n/bin/sh -c \"$WITH_ENVIRONMENT $REACT_NATIVE_XCODE\"\n";
		};
		199A6F072CF61648004B0F14 /* [CP] Embed Pods Frameworks */ = {
			isa = PBXShellScriptBuildPhase;
			buildActionMask = 2147483647;
			files = (
			);
			inputFileListPaths = (
				"${PODS_ROOT}/Target Support Files/Pods-ORVACommonPods-ORVA/Pods-ORVACommonPods-ORVA-frameworks-${CONFIGURATION}-input-files.xcfilelist",
			);
			name = "[CP] Embed Pods Frameworks";
			outputFileListPaths = (
				"${PODS_ROOT}/Target Support Files/Pods-ORVACommonPods-ORVA/Pods-ORVACommonPods-ORVA-frameworks-${CONFIGURATION}-output-files.xcfilelist",
			);
			runOnlyForDeploymentPostprocessing = 0;
			shellPath = /bin/sh;
			shellScript = "\"${PODS_ROOT}/Target Support Files/Pods-ORVACommonPods-ORVA/Pods-ORVACommonPods-ORVA-frameworks.sh\"\n";
			showEnvVarsInLog = 0;
		};
		199A6F082CF61648004B0F14 /* [CP] Copy Pods Resources */ = {
			isa = PBXShellScriptBuildPhase;
			buildActionMask = 2147483647;
			files = (
			);
			inputFileListPaths = (
				"${PODS_ROOT}/Target Support Files/Pods-ORVACommonPods-ORVA/Pods-ORVACommonPods-ORVA-resources-${CONFIGURATION}-input-files.xcfilelist",
			);
			name = "[CP] Copy Pods Resources";
			outputFileListPaths = (
				"${PODS_ROOT}/Target Support Files/Pods-ORVACommonPods-ORVA/Pods-ORVACommonPods-ORVA-resources-${CONFIGURATION}-output-files.xcfilelist",
			);
			runOnlyForDeploymentPostprocessing = 0;
			shellPath = /bin/sh;
			shellScript = "\"${PODS_ROOT}/Target Support Files/Pods-ORVACommonPods-ORVA/Pods-ORVACommonPods-ORVA-resources.sh\"\n";
			showEnvVarsInLog = 0;
		};
		19ABF73D2CECC52F00070FBA /* [CP] Check Pods Manifest.lock */ = {
			isa = PBXShellScriptBuildPhase;
			buildActionMask = 2147483647;
			files = (
			);
			inputFileListPaths = (
			);
			inputPaths = (
				"${PODS_PODFILE_DIR_PATH}/Podfile.lock",
				"${PODS_ROOT}/Manifest.lock",
			);
			name = "[CP] Check Pods Manifest.lock";
			outputFileListPaths = (
			);
			outputPaths = (
				"$(DERIVED_FILE_DIR)/Pods-ORVACommonPods-ORVA-checkManifestLockResult.txt",
			);
			runOnlyForDeploymentPostprocessing = 0;
			shellPath = /bin/sh;
			shellScript = "diff \"${PODS_PODFILE_DIR_PATH}/Podfile.lock\" \"${PODS_ROOT}/Manifest.lock\" > /dev/null\nif [ $? != 0 ] ; then\n    # print error to STDERR\n    echo \"error: The sandbox is not in sync with the Podfile.lock. Run 'pod install' or update your CocoaPods installation.\" >&2\n    exit 1\nfi\n# This output is used by Xcode 'outputs' to avoid re-running this script phase.\necho \"SUCCESS\" > \"${SCRIPT_OUTPUT_FILE_0}\"\n";
			showEnvVarsInLog = 0;
		};
		19ABF7472CECC52F00070FBA /* Bundle React Native code and images */ = {
			isa = PBXShellScriptBuildPhase;
			buildActionMask = 2147483647;
			files = (
			);
			inputPaths = (
				"$(SRCROOT)/.xcode.env.local",
				"$(SRCROOT)/.xcode.env",
			);
			name = "Bundle React Native code and images";
			outputPaths = (
			);
			runOnlyForDeploymentPostprocessing = 0;
			shellPath = /bin/sh;
			shellScript = "set -e\n\nWITH_ENVIRONMENT=\"$REACT_NATIVE_PATH/scripts/xcode/with-environment.sh\"\nREACT_NATIVE_XCODE=\"$REACT_NATIVE_PATH/scripts/react-native-xcode.sh\"\n\n/bin/sh -c \"$WITH_ENVIRONMENT $REACT_NATIVE_XCODE\"\n";
		};
		19ABF7482CECC52F00070FBA /* [CP] Embed Pods Frameworks */ = {
			isa = PBXShellScriptBuildPhase;
			buildActionMask = 2147483647;
			files = (
			);
			inputFileListPaths = (
				"${PODS_ROOT}/Target Support Files/Pods-ORVACommonPods-ORVA/Pods-ORVACommonPods-ORVA-frameworks-${CONFIGURATION}-input-files.xcfilelist",
			);
			name = "[CP] Embed Pods Frameworks";
			outputFileListPaths = (
				"${PODS_ROOT}/Target Support Files/Pods-ORVACommonPods-ORVA/Pods-ORVACommonPods-ORVA-frameworks-${CONFIGURATION}-output-files.xcfilelist",
			);
			runOnlyForDeploymentPostprocessing = 0;
			shellPath = /bin/sh;
			shellScript = "\"${PODS_ROOT}/Target Support Files/Pods-ORVACommonPods-ORVA/Pods-ORVACommonPods-ORVA-frameworks.sh\"\n";
			showEnvVarsInLog = 0;
		};
		19ABF7492CECC52F00070FBA /* [CP] Copy Pods Resources */ = {
			isa = PBXShellScriptBuildPhase;
			buildActionMask = 2147483647;
			files = (
			);
			inputFileListPaths = (
				"${PODS_ROOT}/Target Support Files/Pods-ORVACommonPods-ORVA/Pods-ORVACommonPods-ORVA-resources-${CONFIGURATION}-input-files.xcfilelist",
			);
			name = "[CP] Copy Pods Resources";
			outputFileListPaths = (
				"${PODS_ROOT}/Target Support Files/Pods-ORVACommonPods-ORVA/Pods-ORVACommonPods-ORVA-resources-${CONFIGURATION}-output-files.xcfilelist",
			);
			runOnlyForDeploymentPostprocessing = 0;
			shellPath = /bin/sh;
			shellScript = "\"${PODS_ROOT}/Target Support Files/Pods-ORVACommonPods-ORVA/Pods-ORVACommonPods-ORVA-resources.sh\"\n";
			showEnvVarsInLog = 0;
		};
		A55EABD7B0C7F3A422A6CC61 /* [CP] Check Pods Manifest.lock */ = {
			isa = PBXShellScriptBuildPhase;
			buildActionMask = 2147483647;
			files = (
			);
			inputFileListPaths = (
			);
			inputPaths = (
				"${PODS_PODFILE_DIR_PATH}/Podfile.lock",
				"${PODS_ROOT}/Manifest.lock",
			);
			name = "[CP] Check Pods Manifest.lock";
			outputFileListPaths = (
			);
			outputPaths = (
				"$(DERIVED_FILE_DIR)/Pods-ORVACommonPods-ORVATests-checkManifestLockResult.txt",
			);
			runOnlyForDeploymentPostprocessing = 0;
			shellPath = /bin/sh;
			shellScript = "diff \"${PODS_PODFILE_DIR_PATH}/Podfile.lock\" \"${PODS_ROOT}/Manifest.lock\" > /dev/null\nif [ $? != 0 ] ; then\n    # print error to STDERR\n    echo \"error: The sandbox is not in sync with the Podfile.lock. Run 'pod install' or update your CocoaPods installation.\" >&2\n    exit 1\nfi\n# This output is used by Xcode 'outputs' to avoid re-running this script phase.\necho \"SUCCESS\" > \"${SCRIPT_OUTPUT_FILE_0}\"\n";
			showEnvVarsInLog = 0;
		};
		C38B50BA6285516D6DCD4F65 /* [CP] Check Pods Manifest.lock */ = {
			isa = PBXShellScriptBuildPhase;
			buildActionMask = 2147483647;
			files = (
			);
			inputFileListPaths = (
			);
			inputPaths = (
				"${PODS_PODFILE_DIR_PATH}/Podfile.lock",
				"${PODS_ROOT}/Manifest.lock",
			);
			name = "[CP] Check Pods Manifest.lock";
			outputFileListPaths = (
			);
			outputPaths = (
				"$(DERIVED_FILE_DIR)/Pods-ORVACommonPods-ORVA-checkManifestLockResult.txt",
			);
			runOnlyForDeploymentPostprocessing = 0;
			shellPath = /bin/sh;
			shellScript = "diff \"${PODS_PODFILE_DIR_PATH}/Podfile.lock\" \"${PODS_ROOT}/Manifest.lock\" > /dev/null\nif [ $? != 0 ] ; then\n    # print error to STDERR\n    echo \"error: The sandbox is not in sync with the Podfile.lock. Run 'pod install' or update your CocoaPods installation.\" >&2\n    exit 1\nfi\n# This output is used by Xcode 'outputs' to avoid re-running this script phase.\necho \"SUCCESS\" > \"${SCRIPT_OUTPUT_FILE_0}\"\n";
			showEnvVarsInLog = 0;
		};
		C59DA0FBD6956966B86A3779 /* [CP] Embed Pods Frameworks */ = {
			isa = PBXShellScriptBuildPhase;
			buildActionMask = 2147483647;
			files = (
			);
			inputFileListPaths = (
				"${PODS_ROOT}/Target Support Files/Pods-ORVACommonPods-ORVATests/Pods-ORVACommonPods-ORVATests-frameworks-${CONFIGURATION}-input-files.xcfilelist",
			);
			name = "[CP] Embed Pods Frameworks";
			outputFileListPaths = (
				"${PODS_ROOT}/Target Support Files/Pods-ORVACommonPods-ORVATests/Pods-ORVACommonPods-ORVATests-frameworks-${CONFIGURATION}-output-files.xcfilelist",
			);
			runOnlyForDeploymentPostprocessing = 0;
			shellPath = /bin/sh;
			shellScript = "\"${PODS_ROOT}/Target Support Files/Pods-ORVACommonPods-ORVATests/Pods-ORVACommonPods-ORVATests-frameworks.sh\"\n";
			showEnvVarsInLog = 0;
		};
		E235C05ADACE081382539298 /* [CP] Copy Pods Resources */ = {
			isa = PBXShellScriptBuildPhase;
			buildActionMask = 2147483647;
			files = (
			);
			inputFileListPaths = (
				"${PODS_ROOT}/Target Support Files/Pods-ORVACommonPods-ORVA/Pods-ORVACommonPods-ORVA-resources-${CONFIGURATION}-input-files.xcfilelist",
			);
			name = "[CP] Copy Pods Resources";
			outputFileListPaths = (
				"${PODS_ROOT}/Target Support Files/Pods-ORVACommonPods-ORVA/Pods-ORVACommonPods-ORVA-resources-${CONFIGURATION}-output-files.xcfilelist",
			);
			runOnlyForDeploymentPostprocessing = 0;
			shellPath = /bin/sh;
			shellScript = "\"${PODS_ROOT}/Target Support Files/Pods-ORVACommonPods-ORVA/Pods-ORVACommonPods-ORVA-resources.sh\"\n";
			showEnvVarsInLog = 0;
		};
		F6A41C54EA430FDDC6A6ED99 /* [CP] Copy Pods Resources */ = {
			isa = PBXShellScriptBuildPhase;
			buildActionMask = 2147483647;
			files = (
			);
			inputFileListPaths = (
				"${PODS_ROOT}/Target Support Files/Pods-ORVACommonPods-ORVATests/Pods-ORVACommonPods-ORVATests-resources-${CONFIGURATION}-input-files.xcfilelist",
			);
			name = "[CP] Copy Pods Resources";
			outputFileListPaths = (
				"${PODS_ROOT}/Target Support Files/Pods-ORVACommonPods-ORVATests/Pods-ORVACommonPods-ORVATests-resources-${CONFIGURATION}-output-files.xcfilelist",
			);
			runOnlyForDeploymentPostprocessing = 0;
			shellPath = /bin/sh;
			shellScript = "\"${PODS_ROOT}/Target Support Files/Pods-ORVACommonPods-ORVATests/Pods-ORVACommonPods-ORVATests-resources.sh\"\n";
			showEnvVarsInLog = 0;
		};
		904CFC2D8C124C5B8EB26044 /* Upload Debug Symbols to Sentry */ = {
			isa = PBXShellScriptBuildPhase;
			buildActionMask = 2147483647;
			files = (
			);
			runOnlyForDeploymentPostprocessing = 0;
			name = "Upload Debug Symbols to Sentry";
			inputPaths = (
			);
			outputPaths = (
			);
			shellPath = /bin/sh;
			shellScript = "/bin/sh ../node_modules/@sentry/react-native/scripts/sentry-xcode-debug-files.sh";
		};
/* End PBXShellScriptBuildPhase section */

/* Begin PBXSourcesBuildPhase section */
		00E356EA1AD99517003FC87E /* Sources */ = {
			isa = PBXSourcesBuildPhase;
			buildActionMask = 2147483647;
			files = (
				00E356F31AD99517003FC87E /* ORVATests.m in Sources */,
			);
			runOnlyForDeploymentPostprocessing = 0;
		};
		13B07F871A680F5B00A75B9A /* Sources */ = {
			isa = PBXSourcesBuildPhase;
			buildActionMask = 2147483647;
			files = (
				13B07FBC1A68108700A75B9A /* AppDelegate.mm in Sources */,
				13B07FC11A68108700A75B9A /* main.m in Sources */,
			);
			runOnlyForDeploymentPostprocessing = 0;
		};
		193EDCA82C85F93F00375239 /* Sources */ = {
			isa = PBXSourcesBuildPhase;
			buildActionMask = 2147483647;
			files = (
				193EDCA92C85F93F00375239 /* AppDelegate.mm in Sources */,
				193EDCAA2C85F93F00375239 /* main.m in Sources */,
			);
			runOnlyForDeploymentPostprocessing = 0;
		};
		194BA6382CF5BB6E00A59972 /* Sources */ = {
			isa = PBXSourcesBuildPhase;
			buildActionMask = 2147483647;
			files = (
				194BA6392CF5BB6E00A59972 /* AppDelegate.mm in Sources */,
				194BA63A2CF5BB6E00A59972 /* main.m in Sources */,
			);
			runOnlyForDeploymentPostprocessing = 0;
		};
		199A6EEA2CF615F3004B0F14 /* Sources */ = {
			isa = PBXSourcesBuildPhase;
			buildActionMask = 2147483647;
			files = (
				199A6EEB2CF615F3004B0F14 /* AppDelegate.mm in Sources */,
				199A6EEC2CF615F3004B0F14 /* main.m in Sources */,
			);
			runOnlyForDeploymentPostprocessing = 0;
		};
		199A6EFD2CF61648004B0F14 /* Sources */ = {
			isa = PBXSourcesBuildPhase;
			buildActionMask = 2147483647;
			files = (
				199A6EFE2CF61648004B0F14 /* AppDelegate.mm in Sources */,
				199A6EFF2CF61648004B0F14 /* main.m in Sources */,
			);
			runOnlyForDeploymentPostprocessing = 0;
		};
		19ABF73E2CECC52F00070FBA /* Sources */ = {
			isa = PBXSourcesBuildPhase;
			buildActionMask = 2147483647;
			files = (
				19ABF73F2CECC52F00070FBA /* AppDelegate.mm in Sources */,
				19ABF7402CECC52F00070FBA /* main.m in Sources */,
			);
			runOnlyForDeploymentPostprocessing = 0;
		};
/* End PBXSourcesBuildPhase section */

/* Begin PBXTargetDependency section */
		00E356F51AD99517003FC87E /* PBXTargetDependency */ = {
			isa = PBXTargetDependency;
			target = 13B07F861A680F5B00A75B9A /* ORVA */;
			targetProxy = 00E356F41AD99517003FC87E /* PBXContainerItemProxy */;
		};
/* End PBXTargetDependency section */

/* Begin XCBuildConfiguration section */
		00E356F61AD99517003FC87E /* Debug */ = {
			isa = XCBuildConfiguration;
			baseConfigurationReference = 90189F56CAA2EC7E740BD239 /* Pods-ORVACommonPods-ORVATests.debug.xcconfig */;
			buildSettings = {
				BUNDLE_LOADER = "$(TEST_HOST)";
				GCC_PREPROCESSOR_DEFINITIONS = (
					"DEBUG=1",
					"$(inherited)",
				);
				INFOPLIST_FILE = ORVATests/Info.plist;
				LD_RUNPATH_SEARCH_PATHS = (
					"$(inherited)",
					"@executable_path/Frameworks",
					"@loader_path/Frameworks",
				);
				OTHER_LDFLAGS = (
					"-ObjC",
					"-lc++",
					"$(inherited)",
				);
				PRODUCT_BUNDLE_IDENTIFIER = "org.reactjs.native.example.$(PRODUCT_NAME:rfc1034identifier)";
				PRODUCT_NAME = "$(TARGET_NAME)";
				TEST_HOST = "$(BUILT_PRODUCTS_DIR)/ORVA.app/ORVA";
				TVOS_DEPLOYMENT_TARGET = 13.4;
			};
			name = Debug;
		};
		00E356F71AD99517003FC87E /* Release */ = {
			isa = XCBuildConfiguration;
			baseConfigurationReference = AC07A66F1AAD9E7DB5C9A86C /* Pods-ORVACommonPods-ORVATests.release.xcconfig */;
			buildSettings = {
				BUNDLE_LOADER = "$(TEST_HOST)";
				COPY_PHASE_STRIP = NO;
				INFOPLIST_FILE = ORVATests/Info.plist;
				LD_RUNPATH_SEARCH_PATHS = (
					"$(inherited)",
					"@executable_path/Frameworks",
					"@loader_path/Frameworks",
				);
				OTHER_LDFLAGS = (
					"-ObjC",
					"-lc++",
					"$(inherited)",
				);
				PRODUCT_BUNDLE_IDENTIFIER = "org.reactjs.native.example.$(PRODUCT_NAME:rfc1034identifier)";
				PRODUCT_NAME = "$(TARGET_NAME)";
				TEST_HOST = "$(BUILT_PRODUCTS_DIR)/ORVA.app/ORVA";
				TVOS_DEPLOYMENT_TARGET = 13.4;
			};
			name = Release;
		};
		13B07F941A680F5B00A75B9A /* Debug */ = {
			isa = XCBuildConfiguration;
			baseConfigurationReference = 620E3236680CF2E5379C742A /* Pods-ORVACommonPods-ORVA.debug.xcconfig */;
			buildSettings = {
				ASSETCATALOG_COMPILER_APPICON_NAME = AppIcon;
				CLANG_ENABLE_MODULES = YES;
				CURRENT_PROJECT_VERSION = 1;
				ENABLE_BITCODE = NO;
				INFOPLIST_FILE = ORVA/Info.plist;
				IPHONEOS_DEPLOYMENT_TARGET = 13.4;
				LD_RUNPATH_SEARCH_PATHS = (
					"$(inherited)",
					"@executable_path/Frameworks",
				);
				MARKETING_VERSION = 1.0;
				OTHER_LDFLAGS = (
					"$(inherited)",
					"-ObjC",
					"-lc++",
				);
				PRODUCT_BUNDLE_IDENTIFIER = "org.reactjs.native.example.$(PRODUCT_NAME:rfc1034identifier)";
				PRODUCT_NAME = ORVA;
				SUPPORTED_PLATFORMS = "appletvos appletvsimulator iphoneos iphonesimulator";
				SUPPORTS_MACCATALYST = NO;
				SWIFT_OPTIMIZATION_LEVEL = "-Onone";
				SWIFT_VERSION = 5.0;
				TARGETED_DEVICE_FAMILY = "1,2,3";
				VERSIONING_SYSTEM = "apple-generic";
			};
			name = Debug;
		};
		13B07F951A680F5B00A75B9A /* Release */ = {
			isa = XCBuildConfiguration;
			baseConfigurationReference = E885C5CCAA5D3475E5388A1B /* Pods-ORVACommonPods-ORVA.release.xcconfig */;
			buildSettings = {
				ASSETCATALOG_COMPILER_APPICON_NAME = AppIcon;
				CLANG_ENABLE_MODULES = YES;
				CURRENT_PROJECT_VERSION = 1;
				INFOPLIST_FILE = ORVA/Info.plist;
				IPHONEOS_DEPLOYMENT_TARGET = 13.4;
				LD_RUNPATH_SEARCH_PATHS = (
					"$(inherited)",
					"@executable_path/Frameworks",
				);
				MARKETING_VERSION = 1.0;
				OTHER_LDFLAGS = (
					"$(inherited)",
					"-ObjC",
					"-lc++",
				);
				PRODUCT_BUNDLE_IDENTIFIER = "org.reactjs.native.example.$(PRODUCT_NAME:rfc1034identifier)";
				PRODUCT_NAME = ORVA;
				SUPPORTED_PLATFORMS = "appletvos appletvsimulator iphoneos iphonesimulator";
				SUPPORTS_MACCATALYST = NO;
				SWIFT_VERSION = 5.0;
				TARGETED_DEVICE_FAMILY = "1,2,3";
				VERSIONING_SYSTEM = "apple-generic";
			};
			name = Release;
		};
		193EDCB52C85F93F00375239 /* Debug */ = {
			isa = XCBuildConfiguration;
			baseConfigurationReference = 7306810E2C40CB603B72E3D8 /* Pods-ORVACommonPods-ORVADevelopment.debug.xcconfig */;
			buildSettings = {
				ASSETCATALOG_COMPILER_APPICON_NAME = AppIcon;
				CLANG_ENABLE_MODULES = YES;
				CURRENT_PROJECT_VERSION = 1;
				ENABLE_BITCODE = NO;
				INFOPLIST_FILE = "ORVADevelopment-Info.plist";
				INFOPLIST_KEY_CFBundleDisplayName = "ORVA Dev";
				IPHONEOS_DEPLOYMENT_TARGET = 13.4;
				LD_RUNPATH_SEARCH_PATHS = (
					"$(inherited)",
					"@executable_path/Frameworks",
				);
				MARKETING_VERSION = 1.0;
				OTHER_LDFLAGS = (
					"$(inherited)",
					"-ObjC",
					"-lc++",
				);
				PRODUCT_BUNDLE_IDENTIFIER = "org.reactjs.native.example.$(PRODUCT_NAME:rfc1034identifier)";
				PRODUCT_NAME = "$(TARGET_NAME)";
				SUPPORTED_PLATFORMS = "appletvos appletvsimulator iphoneos iphonesimulator";
				SUPPORTS_MACCATALYST = NO;
				SWIFT_OPTIMIZATION_LEVEL = "-Onone";
				SWIFT_VERSION = 5.0;
				TARGETED_DEVICE_FAMILY = "1,2,3";
				VERSIONING_SYSTEM = "apple-generic";
			};
			name = Debug;
		};
		193EDCB62C85F93F00375239 /* Release */ = {
			isa = XCBuildConfiguration;
			baseConfigurationReference = 2A7C59672283F5DD49E8287E /* Pods-ORVACommonPods-ORVADevelopment.release.xcconfig */;
			buildSettings = {
				ASSETCATALOG_COMPILER_APPICON_NAME = AppIcon;
				CLANG_ENABLE_MODULES = YES;
				CURRENT_PROJECT_VERSION = 1;
				INFOPLIST_FILE = "ORVADevelopment-Info.plist";
				INFOPLIST_KEY_CFBundleDisplayName = "ORVA Dev";
				IPHONEOS_DEPLOYMENT_TARGET = 13.4;
				LD_RUNPATH_SEARCH_PATHS = (
					"$(inherited)",
					"@executable_path/Frameworks",
				);
				MARKETING_VERSION = 1.0;
				OTHER_LDFLAGS = (
					"$(inherited)",
					"-ObjC",
					"-lc++",
				);
				PRODUCT_BUNDLE_IDENTIFIER = "org.reactjs.native.example.$(PRODUCT_NAME:rfc1034identifier)";
				PRODUCT_NAME = "$(TARGET_NAME)";
				SUPPORTED_PLATFORMS = "appletvos appletvsimulator iphoneos iphonesimulator";
				SUPPORTS_MACCATALYST = NO;
				SWIFT_VERSION = 5.0;
				TARGETED_DEVICE_FAMILY = "1,2,3";
				VERSIONING_SYSTEM = "apple-generic";
			};
			name = Release;
		};
		194BA6452CF5BB6E00A59972 /* Debug */ = {
			isa = XCBuildConfiguration;
			baseConfigurationReference = 620E3236680CF2E5379C742A /* Pods-ORVACommonPods-ORVA.debug.xcconfig */;
			buildSettings = {
				ASSETCATALOG_COMPILER_APPICON_NAME = AppIcon;
				CLANG_ENABLE_MODULES = YES;
				CURRENT_PROJECT_VERSION = 1;
				ENABLE_BITCODE = NO;
				INFOPLIST_FILE = "ORVAUaeProduction-Info.plist";
				INFOPLIST_KEY_CFBundleDisplayName = "Orva Uae Prod";
				IPHONEOS_DEPLOYMENT_TARGET = 13.4;
				LD_RUNPATH_SEARCH_PATHS = (
					"$(inherited)",
					"@executable_path/Frameworks",
				);
				MARKETING_VERSION = 1.0;
				OTHER_LDFLAGS = (
					"$(inherited)",
					"-ObjC",
					"-lc++",
				);
				PRODUCT_BUNDLE_IDENTIFIER = "org.reactjs.native.example.$(PRODUCT_NAME:rfc1034identifier)";
				PRODUCT_NAME = "$(TARGET_NAME)";
				SUPPORTED_PLATFORMS = "appletvos appletvsimulator iphoneos iphonesimulator";
				SUPPORTS_MACCATALYST = NO;
				SWIFT_OPTIMIZATION_LEVEL = "-Onone";
				SWIFT_VERSION = 5.0;
				TARGETED_DEVICE_FAMILY = "1,2,3";
				VERSIONING_SYSTEM = "apple-generic";
			};
			name = Debug;
		};
		194BA6462CF5BB6E00A59972 /* Release */ = {
			isa = XCBuildConfiguration;
			baseConfigurationReference = E885C5CCAA5D3475E5388A1B /* Pods-ORVACommonPods-ORVA.release.xcconfig */;
			buildSettings = {
				ASSETCATALOG_COMPILER_APPICON_NAME = AppIcon;
				CLANG_ENABLE_MODULES = YES;
				CURRENT_PROJECT_VERSION = 1;
				INFOPLIST_FILE = "ORVAUaeProduction-Info.plist";
				INFOPLIST_KEY_CFBundleDisplayName = "Orva Uae Prod";
				IPHONEOS_DEPLOYMENT_TARGET = 13.4;
				LD_RUNPATH_SEARCH_PATHS = (
					"$(inherited)",
					"@executable_path/Frameworks",
				);
				MARKETING_VERSION = 1.0;
				OTHER_LDFLAGS = (
					"$(inherited)",
					"-ObjC",
					"-lc++",
				);
				PRODUCT_BUNDLE_IDENTIFIER = "org.reactjs.native.example.$(PRODUCT_NAME:rfc1034identifier)";
				PRODUCT_NAME = "$(TARGET_NAME)";
				SUPPORTED_PLATFORMS = "appletvos appletvsimulator iphoneos iphonesimulator";
				SUPPORTS_MACCATALYST = NO;
				SWIFT_VERSION = 5.0;
				TARGETED_DEVICE_FAMILY = "1,2,3";
				VERSIONING_SYSTEM = "apple-generic";
			};
			name = Release;
		};
		199A6EF72CF615F3004B0F14 /* Debug */ = {
			isa = XCBuildConfiguration;
			baseConfigurationReference = 620E3236680CF2E5379C742A /* Pods-ORVACommonPods-ORVA.debug.xcconfig */;
			buildSettings = {
				ASSETCATALOG_COMPILER_APPICON_NAME = AppIcon;
				CLANG_ENABLE_MODULES = YES;
				CURRENT_PROJECT_VERSION = 1;
				ENABLE_BITCODE = NO;
				INFOPLIST_FILE = "ORVAUsStaging-Info.plist";
				INFOPLIST_KEY_CFBundleDisplayName = "ORVA Us UAT";
				IPHONEOS_DEPLOYMENT_TARGET = 13.4;
				LD_RUNPATH_SEARCH_PATHS = (
					"$(inherited)",
					"@executable_path/Frameworks",
				);
				MARKETING_VERSION = 1.0;
				OTHER_LDFLAGS = (
					"$(inherited)",
					"-ObjC",
					"-lc++",
				);
				PRODUCT_BUNDLE_IDENTIFIER = "org.reactjs.native.example.$(PRODUCT_NAME:rfc1034identifier)";
				PRODUCT_NAME = "$(TARGET_NAME)";
				SUPPORTED_PLATFORMS = "appletvos appletvsimulator iphoneos iphonesimulator";
				SUPPORTS_MACCATALYST = NO;
				SWIFT_OPTIMIZATION_LEVEL = "-Onone";
				SWIFT_VERSION = 5.0;
				TARGETED_DEVICE_FAMILY = "1,2,3";
				VERSIONING_SYSTEM = "apple-generic";
			};
			name = Debug;
		};
		199A6EF82CF615F3004B0F14 /* Release */ = {
			isa = XCBuildConfiguration;
			baseConfigurationReference = E885C5CCAA5D3475E5388A1B /* Pods-ORVACommonPods-ORVA.release.xcconfig */;
			buildSettings = {
				ASSETCATALOG_COMPILER_APPICON_NAME = AppIcon;
				CLANG_ENABLE_MODULES = YES;
				CURRENT_PROJECT_VERSION = 1;
				INFOPLIST_FILE = "ORVAUsStaging-Info.plist";
				INFOPLIST_KEY_CFBundleDisplayName = "ORVA Us UAT";
				IPHONEOS_DEPLOYMENT_TARGET = 13.4;
				LD_RUNPATH_SEARCH_PATHS = (
					"$(inherited)",
					"@executable_path/Frameworks",
				);
				MARKETING_VERSION = 1.0;
				OTHER_LDFLAGS = (
					"$(inherited)",
					"-ObjC",
					"-lc++",
				);
				PRODUCT_BUNDLE_IDENTIFIER = "org.reactjs.native.example.$(PRODUCT_NAME:rfc1034identifier)";
				PRODUCT_NAME = "$(TARGET_NAME)";
				SUPPORTED_PLATFORMS = "appletvos appletvsimulator iphoneos iphonesimulator";
				SUPPORTS_MACCATALYST = NO;
				SWIFT_VERSION = 5.0;
				TARGETED_DEVICE_FAMILY = "1,2,3";
				VERSIONING_SYSTEM = "apple-generic";
			};
			name = Release;
		};
		199A6F0A2CF61648004B0F14 /* Debug */ = {
			isa = XCBuildConfiguration;
			baseConfigurationReference = 620E3236680CF2E5379C742A /* Pods-ORVACommonPods-ORVA.debug.xcconfig */;
			buildSettings = {
				ASSETCATALOG_COMPILER_APPICON_NAME = AppIcon;
				CLANG_ENABLE_MODULES = YES;
				CURRENT_PROJECT_VERSION = 1;
				ENABLE_BITCODE = NO;
				INFOPLIST_FILE = "ORVAUaeStaging-Info.plist";
				INFOPLIST_KEY_CFBundleDisplayName = "ORVA Uae UAT";
				IPHONEOS_DEPLOYMENT_TARGET = 13.4;
				LD_RUNPATH_SEARCH_PATHS = (
					"$(inherited)",
					"@executable_path/Frameworks",
				);
				MARKETING_VERSION = 1.0;
				OTHER_LDFLAGS = (
					"$(inherited)",
					"-ObjC",
					"-lc++",
				);
				PRODUCT_BUNDLE_IDENTIFIER = "org.reactjs.native.example.$(PRODUCT_NAME:rfc1034identifier)";
				PRODUCT_NAME = "$(TARGET_NAME)";
				SUPPORTED_PLATFORMS = "appletvos appletvsimulator iphoneos iphonesimulator";
				SUPPORTS_MACCATALYST = NO;
				SWIFT_OPTIMIZATION_LEVEL = "-Onone";
				SWIFT_VERSION = 5.0;
				TARGETED_DEVICE_FAMILY = "1,2,3";
				VERSIONING_SYSTEM = "apple-generic";
			};
			name = Debug;
		};
		199A6F0B2CF61648004B0F14 /* Release */ = {
			isa = XCBuildConfiguration;
			baseConfigurationReference = E885C5CCAA5D3475E5388A1B /* Pods-ORVACommonPods-ORVA.release.xcconfig */;
			buildSettings = {
				ASSETCATALOG_COMPILER_APPICON_NAME = AppIcon;
				CLANG_ENABLE_MODULES = YES;
				CURRENT_PROJECT_VERSION = 1;
				INFOPLIST_FILE = "ORVAUaeStaging-Info.plist";
				INFOPLIST_KEY_CFBundleDisplayName = "ORVA Uae UAT";
				IPHONEOS_DEPLOYMENT_TARGET = 13.4;
				LD_RUNPATH_SEARCH_PATHS = (
					"$(inherited)",
					"@executable_path/Frameworks",
				);
				MARKETING_VERSION = 1.0;
				OTHER_LDFLAGS = (
					"$(inherited)",
					"-ObjC",
					"-lc++",
				);
				PRODUCT_BUNDLE_IDENTIFIER = "org.reactjs.native.example.$(PRODUCT_NAME:rfc1034identifier)";
				PRODUCT_NAME = "$(TARGET_NAME)";
				SUPPORTED_PLATFORMS = "appletvos appletvsimulator iphoneos iphonesimulator";
				SUPPORTS_MACCATALYST = NO;
				SWIFT_VERSION = 5.0;
				TARGETED_DEVICE_FAMILY = "1,2,3";
				VERSIONING_SYSTEM = "apple-generic";
			};
			name = Release;
		};
		19ABF74B2CECC52F00070FBA /* Debug */ = {
			isa = XCBuildConfiguration;
			baseConfigurationReference = 620E3236680CF2E5379C742A /* Pods-ORVACommonPods-ORVA.debug.xcconfig */;
			buildSettings = {
				ASSETCATALOG_COMPILER_APPICON_NAME = AppIcon;
				CLANG_ENABLE_MODULES = YES;
				CURRENT_PROJECT_VERSION = 1;
				ENABLE_BITCODE = NO;
				INFOPLIST_FILE = "ORVAUsProduction-Info.plist";
				INFOPLIST_KEY_CFBundleDisplayName = "Orva Us Prod";
				IPHONEOS_DEPLOYMENT_TARGET = 13.4;
				LD_RUNPATH_SEARCH_PATHS = (
					"$(inherited)",
					"@executable_path/Frameworks",
				);
				MARKETING_VERSION = 1.0;
				OTHER_LDFLAGS = (
					"$(inherited)",
					"-ObjC",
					"-lc++",
				);
				PRODUCT_BUNDLE_IDENTIFIER = "org.reactjs.native.example.$(PRODUCT_NAME:rfc1034identifier)";
				PRODUCT_NAME = "$(TARGET_NAME)";
				SUPPORTED_PLATFORMS = "appletvos appletvsimulator iphoneos iphonesimulator";
				SUPPORTS_MACCATALYST = NO;
				SWIFT_OPTIMIZATION_LEVEL = "-Onone";
				SWIFT_VERSION = 5.0;
				TARGETED_DEVICE_FAMILY = "1,2,3";
				VERSIONING_SYSTEM = "apple-generic";
			};
			name = Debug;
		};
		19ABF74C2CECC52F00070FBA /* Release */ = {
			isa = XCBuildConfiguration;
			baseConfigurationReference = E885C5CCAA5D3475E5388A1B /* Pods-ORVACommonPods-ORVA.release.xcconfig */;
			buildSettings = {
				ASSETCATALOG_COMPILER_APPICON_NAME = AppIcon;
				CLANG_ENABLE_MODULES = YES;
				CURRENT_PROJECT_VERSION = 1;
				INFOPLIST_FILE = "ORVAUsProduction-Info.plist";
				INFOPLIST_KEY_CFBundleDisplayName = "Orva Us Prod";
				IPHONEOS_DEPLOYMENT_TARGET = 13.4;
				LD_RUNPATH_SEARCH_PATHS = (
					"$(inherited)",
					"@executable_path/Frameworks",
				);
				MARKETING_VERSION = 1.0;
				OTHER_LDFLAGS = (
					"$(inherited)",
					"-ObjC",
					"-lc++",
				);
				PRODUCT_BUNDLE_IDENTIFIER = "org.reactjs.native.example.$(PRODUCT_NAME:rfc1034identifier)";
				PRODUCT_NAME = "$(TARGET_NAME)";
				SUPPORTED_PLATFORMS = "appletvos appletvsimulator iphoneos iphonesimulator";
				SUPPORTS_MACCATALYST = NO;
				SWIFT_VERSION = 5.0;
				TARGETED_DEVICE_FAMILY = "1,2,3";
				VERSIONING_SYSTEM = "apple-generic";
			};
			name = Release;
		};
		83CBBA201A601CBA00E9B192 /* Debug */ = {
			isa = XCBuildConfiguration;
			buildSettings = {
				ALWAYS_SEARCH_USER_PATHS = NO;
				CC = "";
				CLANG_ANALYZER_LOCALIZABILITY_NONLOCALIZED = YES;
				CLANG_CXX_LANGUAGE_STANDARD = "c++20";
				CLANG_CXX_LIBRARY = "libc++";
				CLANG_ENABLE_MODULES = YES;
				CLANG_ENABLE_OBJC_ARC = YES;
				CLANG_WARN_BLOCK_CAPTURE_AUTORELEASING = YES;
				CLANG_WARN_BOOL_CONVERSION = YES;
				CLANG_WARN_COMMA = YES;
				CLANG_WARN_CONSTANT_CONVERSION = YES;
				CLANG_WARN_DEPRECATED_OBJC_IMPLEMENTATIONS = YES;
				CLANG_WARN_DIRECT_OBJC_ISA_USAGE = YES_ERROR;
				CLANG_WARN_EMPTY_BODY = YES;
				CLANG_WARN_ENUM_CONVERSION = YES;
				CLANG_WARN_INFINITE_RECURSION = YES;
				CLANG_WARN_INT_CONVERSION = YES;
				CLANG_WARN_NON_LITERAL_NULL_CONVERSION = YES;
				CLANG_WARN_OBJC_IMPLICIT_RETAIN_SELF = YES;
				CLANG_WARN_OBJC_LITERAL_CONVERSION = YES;
				CLANG_WARN_OBJC_ROOT_CLASS = YES_ERROR;
				CLANG_WARN_QUOTED_INCLUDE_IN_FRAMEWORK_HEADER = YES;
				CLANG_WARN_RANGE_LOOP_ANALYSIS = YES;
				CLANG_WARN_STRICT_PROTOTYPES = YES;
				CLANG_WARN_SUSPICIOUS_MOVE = YES;
				CLANG_WARN_UNREACHABLE_CODE = YES;
				CLANG_WARN__DUPLICATE_METHOD_MATCH = YES;
				"CODE_SIGN_IDENTITY[sdk=appletvos*]" = "iPhone Developer";
				COPY_PHASE_STRIP = NO;
				CXX = "";
				ENABLE_STRICT_OBJC_MSGSEND = YES;
				ENABLE_TESTABILITY = YES;
				"EXCLUDED_ARCHS[sdk=iphonesimulator*]" = "";
				GCC_C_LANGUAGE_STANDARD = gnu99;
				GCC_DYNAMIC_NO_PIC = NO;
				GCC_NO_COMMON_BLOCKS = YES;
				GCC_OPTIMIZATION_LEVEL = 0;
				GCC_PREPROCESSOR_DEFINITIONS = (
					"DEBUG=1",
					"$(inherited)",
				);
				GCC_SYMBOLS_PRIVATE_EXTERN = NO;
				GCC_WARN_64_TO_32_BIT_CONVERSION = YES;
				GCC_WARN_ABOUT_RETURN_TYPE = YES_ERROR;
				GCC_WARN_UNDECLARED_SELECTOR = YES;
				GCC_WARN_UNINITIALIZED_AUTOS = YES_AGGRESSIVE;
				GCC_WARN_UNUSED_FUNCTION = YES;
				GCC_WARN_UNUSED_VARIABLE = YES;
				LD = "";
				LDPLUSPLUS = "";
				LD_RUNPATH_SEARCH_PATHS = (
					/usr/lib/swift,
					"$(inherited)",
				);
				LIBRARY_SEARCH_PATHS = (
					"\"$(SDKROOT)/usr/lib/swift\"",
					"\"$(TOOLCHAIN_DIR)/usr/lib/swift/$(PLATFORM_NAME)\"",
					"\"$(inherited)\"",
				);
				MTL_ENABLE_DEBUG_INFO = YES;
				ONLY_ACTIVE_ARCH = YES;
				OTHER_CPLUSPLUSFLAGS = (
					"$(OTHER_CFLAGS)",
					"-DFOLLY_NO_CONFIG",
					"-DFOLLY_MOBILE=1",
					"-DFOLLY_USE_LIBCPP=1",
					"-DFOLLY_CFG_NO_COROUTINES=1",
					"-DFOLLY_HAVE_CLOCK_GETTIME=1",
				);
				OTHER_LDFLAGS = "$(inherited)  ";
				REACT_NATIVE_PATH = "${PODS_ROOT}/../../node_modules/react-native";
				SDKROOT = appletvos;
				SWIFT_ACTIVE_COMPILATION_CONDITIONS = "$(inherited) DEBUG";
				TVOS_DEPLOYMENT_TARGET = 13.4;
				USE_HERMES = true;
			};
			name = Debug;
		};
		83CBBA211A601CBA00E9B192 /* Release */ = {
			isa = XCBuildConfiguration;
			buildSettings = {
				ALWAYS_SEARCH_USER_PATHS = NO;
				CC = "";
				CLANG_ANALYZER_LOCALIZABILITY_NONLOCALIZED = YES;
				CLANG_CXX_LANGUAGE_STANDARD = "c++20";
				CLANG_CXX_LIBRARY = "libc++";
				CLANG_ENABLE_MODULES = YES;
				CLANG_ENABLE_OBJC_ARC = YES;
				CLANG_WARN_BLOCK_CAPTURE_AUTORELEASING = YES;
				CLANG_WARN_BOOL_CONVERSION = YES;
				CLANG_WARN_COMMA = YES;
				CLANG_WARN_CONSTANT_CONVERSION = YES;
				CLANG_WARN_DEPRECATED_OBJC_IMPLEMENTATIONS = YES;
				CLANG_WARN_DIRECT_OBJC_ISA_USAGE = YES_ERROR;
				CLANG_WARN_EMPTY_BODY = YES;
				CLANG_WARN_ENUM_CONVERSION = YES;
				CLANG_WARN_INFINITE_RECURSION = YES;
				CLANG_WARN_INT_CONVERSION = YES;
				CLANG_WARN_NON_LITERAL_NULL_CONVERSION = YES;
				CLANG_WARN_OBJC_IMPLICIT_RETAIN_SELF = YES;
				CLANG_WARN_OBJC_LITERAL_CONVERSION = YES;
				CLANG_WARN_OBJC_ROOT_CLASS = YES_ERROR;
				CLANG_WARN_QUOTED_INCLUDE_IN_FRAMEWORK_HEADER = YES;
				CLANG_WARN_RANGE_LOOP_ANALYSIS = YES;
				CLANG_WARN_STRICT_PROTOTYPES = YES;
				CLANG_WARN_SUSPICIOUS_MOVE = YES;
				CLANG_WARN_UNREACHABLE_CODE = YES;
				CLANG_WARN__DUPLICATE_METHOD_MATCH = YES;
				"CODE_SIGN_IDENTITY[sdk=appletvos*]" = "iPhone Developer";
				COPY_PHASE_STRIP = YES;
				CXX = "";
				ENABLE_NS_ASSERTIONS = NO;
				ENABLE_STRICT_OBJC_MSGSEND = YES;
				"EXCLUDED_ARCHS[sdk=iphonesimulator*]" = "";
				GCC_C_LANGUAGE_STANDARD = gnu99;
				GCC_NO_COMMON_BLOCKS = YES;
				GCC_WARN_64_TO_32_BIT_CONVERSION = YES;
				GCC_WARN_ABOUT_RETURN_TYPE = YES_ERROR;
				GCC_WARN_UNDECLARED_SELECTOR = YES;
				GCC_WARN_UNINITIALIZED_AUTOS = YES_AGGRESSIVE;
				GCC_WARN_UNUSED_FUNCTION = YES;
				GCC_WARN_UNUSED_VARIABLE = YES;
				LD = "";
				LDPLUSPLUS = "";
				LD_RUNPATH_SEARCH_PATHS = (
					/usr/lib/swift,
					"$(inherited)",
				);
				LIBRARY_SEARCH_PATHS = (
					"\"$(SDKROOT)/usr/lib/swift\"",
					"\"$(TOOLCHAIN_DIR)/usr/lib/swift/$(PLATFORM_NAME)\"",
					"\"$(inherited)\"",
				);
				MTL_ENABLE_DEBUG_INFO = NO;
				OTHER_CPLUSPLUSFLAGS = (
					"$(OTHER_CFLAGS)",
					"-DFOLLY_NO_CONFIG",
					"-DFOLLY_MOBILE=1",
					"-DFOLLY_USE_LIBCPP=1",
					"-DFOLLY_CFG_NO_COROUTINES=1",
					"-DFOLLY_HAVE_CLOCK_GETTIME=1",
				);
				OTHER_LDFLAGS = "$(inherited)  ";
				REACT_NATIVE_PATH = "${PODS_ROOT}/../../node_modules/react-native";
				SDKROOT = appletvos;
				TVOS_DEPLOYMENT_TARGET = 13.4;
				USE_HERMES = true;
				VALIDATE_PRODUCT = YES;
			};
			name = Release;
		};
/* End XCBuildConfiguration section */

/* Begin XCConfigurationList section */
		00E357021AD99517003FC87E /* Build configuration list for PBXNativeTarget "ORVATests" */ = {
			isa = XCConfigurationList;
			buildConfigurations = (
				00E356F61AD99517003FC87E /* Debug */,
				00E356F71AD99517003FC87E /* Release */,
			);
			defaultConfigurationIsVisible = 0;
			defaultConfigurationName = Release;
		};
		13B07F931A680F5B00A75B9A /* Build configuration list for PBXNativeTarget "ORVA" */ = {
			isa = XCConfigurationList;
			buildConfigurations = (
				13B07F941A680F5B00A75B9A /* Debug */,
				13B07F951A680F5B00A75B9A /* Release */,
			);
			defaultConfigurationIsVisible = 0;
			defaultConfigurationName = Release;
		};
		193EDCB42C85F93F00375239 /* Build configuration list for PBXNativeTarget "ORVADevelopment" */ = {
			isa = XCConfigurationList;
			buildConfigurations = (
				193EDCB52C85F93F00375239 /* Debug */,
				193EDCB62C85F93F00375239 /* Release */,
			);
			defaultConfigurationIsVisible = 0;
			defaultConfigurationName = Release;
		};
		194BA6442CF5BB6E00A59972 /* Build configuration list for PBXNativeTarget "ORVAUaeProduction" */ = {
			isa = XCConfigurationList;
			buildConfigurations = (
				194BA6452CF5BB6E00A59972 /* Debug */,
				194BA6462CF5BB6E00A59972 /* Release */,
			);
			defaultConfigurationIsVisible = 0;
			defaultConfigurationName = Release;
		};
		199A6EF62CF615F3004B0F14 /* Build configuration list for PBXNativeTarget "ORVAUsStaging" */ = {
			isa = XCConfigurationList;
			buildConfigurations = (
				199A6EF72CF615F3004B0F14 /* Debug */,
				199A6EF82CF615F3004B0F14 /* Release */,
			);
			defaultConfigurationIsVisible = 0;
			defaultConfigurationName = Release;
		};
		199A6F092CF61648004B0F14 /* Build configuration list for PBXNativeTarget "ORVAUaeStaging" */ = {
			isa = XCConfigurationList;
			buildConfigurations = (
				199A6F0A2CF61648004B0F14 /* Debug */,
				199A6F0B2CF61648004B0F14 /* Release */,
			);
			defaultConfigurationIsVisible = 0;
			defaultConfigurationName = Release;
		};
		19ABF74A2CECC52F00070FBA /* Build configuration list for PBXNativeTarget "ORVAUsProduction" */ = {
			isa = XCConfigurationList;
			buildConfigurations = (
				19ABF74B2CECC52F00070FBA /* Debug */,
				19ABF74C2CECC52F00070FBA /* Release */,
			);
			defaultConfigurationIsVisible = 0;
			defaultConfigurationName = Release;
		};
		83CBB9FA1A601CBA00E9B192 /* Build configuration list for PBXProject "ORVA" */ = {
			isa = XCConfigurationList;
			buildConfigurations = (
				83CBBA201A601CBA00E9B192 /* Debug */,
				83CBBA211A601CBA00E9B192 /* Release */,
			);
			defaultConfigurationIsVisible = 0;
			defaultConfigurationName = Release;
		};
/* End XCConfigurationList section */
	};
	rootObject = 83CBB9F71A601CBA00E9B192 /* Project object */;
}
